// !$*UTF8*$!
{
	archiveVersion = 1;
	classes = {
	};
	objectVersion = 55;
	objects = {

/* Begin PBXBuildFile section */
		1FE95A1E2874F6D300A79C77 /* AppDelegate.swift in Sources */ = {isa = PBXBuildFile; fileRef = 1FE95A1D2874F6D300A79C77 /* AppDelegate.swift */; };
		1FE95A202874F6D300A79C77 /* SceneDelegate.swift in Sources */ = {isa = PBXBuildFile; fileRef = 1FE95A1F2874F6D300A79C77 /* SceneDelegate.swift */; };
		1FE95A222874F6D300A79C77 /* ViewController.swift in Sources */ = {isa = PBXBuildFile; fileRef = 1FE95A212874F6D300A79C77 /* ViewController.swift */; };
		1FE95A272874F6D300A79C77 /* Assets.xcassets in Resources */ = {isa = PBXBuildFile; fileRef = 1FE95A262874F6D300A79C77 /* Assets.xcassets */; };
		1FE95A2A2874F6D300A79C77 /* LaunchScreen.storyboard in Resources */ = {isa = PBXBuildFile; fileRef = 1FE95A282874F6D300A79C77 /* LaunchScreen.storyboard */; };
		1FE95A34287640DA00A79C77 /* User.swift in Sources */ = {isa = PBXBuildFile; fileRef = 1FE95A33287640DA00A79C77 /* User.swift */; };
		1FE95A362876418D00A79C77 /* LoginViewController.swift in Sources */ = {isa = PBXBuildFile; fileRef = 1FE95A352876418D00A79C77 /* LoginViewController.swift */; };
		1FE95A3828773D5C00A79C77 /* Extension.swift in Sources */ = {isa = PBXBuildFile; fileRef = 1FE95A3728773D5C00A79C77 /* Extension.swift */; };
		1FE95A3C2877495000A79C77 /* InterFont.ttf in Resources */ = {isa = PBXBuildFile; fileRef = 1FE95A3B2877495000A79C77 /* InterFont.ttf */; };
		1FE95A402877575300A79C77 /* RegisterViewController.swift in Sources */ = {isa = PBXBuildFile; fileRef = 1FE95A3F2877575300A79C77 /* RegisterViewController.swift */; };
/* End PBXBuildFile section */

/* Begin PBXFileReference section */
		1FE95A1A2874F6D300A79C77 /* Tarrare.app */ = {isa = PBXFileReference; explicitFileType = wrapper.application; includeInIndex = 0; path = Tarrare.app; sourceTree = BUILT_PRODUCTS_DIR; };
		1FE95A1D2874F6D300A79C77 /* AppDelegate.swift */ = {isa = PBXFileReference; lastKnownFileType = sourcecode.swift; path = AppDelegate.swift; sourceTree = "<group>"; };
		1FE95A1F2874F6D300A79C77 /* SceneDelegate.swift */ = {isa = PBXFileReference; lastKnownFileType = sourcecode.swift; path = SceneDelegate.swift; sourceTree = "<group>"; };
		1FE95A212874F6D300A79C77 /* ViewController.swift */ = {isa = PBXFileReference; lastKnownFileType = sourcecode.swift; path = ViewController.swift; sourceTree = "<group>"; };
		1FE95A262874F6D300A79C77 /* Assets.xcassets */ = {isa = PBXFileReference; lastKnownFileType = folder.assetcatalog; path = Assets.xcassets; sourceTree = "<group>"; };
		1FE95A292874F6D300A79C77 /* Base */ = {isa = PBXFileReference; lastKnownFileType = file.storyboard; name = Base; path = Base.lproj/LaunchScreen.storyboard; sourceTree = "<group>"; };
		1FE95A2B2874F6D300A79C77 /* Info.plist */ = {isa = PBXFileReference; lastKnownFileType = text.plist.xml; path = Info.plist; sourceTree = "<group>"; };
		1FE95A33287640DA00A79C77 /* User.swift */ = {isa = PBXFileReference; lastKnownFileType = sourcecode.swift; path = User.swift; sourceTree = "<group>"; };
		1FE95A352876418D00A79C77 /* LoginViewController.swift */ = {isa = PBXFileReference; lastKnownFileType = sourcecode.swift; path = LoginViewController.swift; sourceTree = "<group>"; };
		1FE95A3728773D5C00A79C77 /* Extension.swift */ = {isa = PBXFileReference; lastKnownFileType = sourcecode.swift; path = Extension.swift; sourceTree = "<group>"; };
		1FE95A3B2877495000A79C77 /* InterFont.ttf */ = {isa = PBXFileReference; lastKnownFileType = file; name = InterFont.ttf; path = fonts/InterFont.ttf; sourceTree = "<group>"; };
		1FE95A3F2877575300A79C77 /* RegisterViewController.swift */ = {isa = PBXFileReference; lastKnownFileType = sourcecode.swift; path = RegisterViewController.swift; sourceTree = "<group>"; };
/* End PBXFileReference section */

/* Begin PBXFrameworksBuildPhase section */
		1FE95A172874F6D300A79C77 /* Frameworks */ = {
			isa = PBXFrameworksBuildPhase;
			buildActionMask = 2147483647;
			files = (
			);
			runOnlyForDeploymentPostprocessing = 0;
		};
/* End PBXFrameworksBuildPhase section */

/* Begin PBXGroup section */
		1FE95A112874F6D300A79C77 = {
			isa = PBXGroup;
			children = (
				1FE95A1C2874F6D300A79C77 /* Tarrare */,
				1FE95A1B2874F6D300A79C77 /* Products */,
			);
			sourceTree = "<group>";
		};
		1FE95A1B2874F6D300A79C77 /* Products */ = {
			isa = PBXGroup;
			children = (
				1FE95A1A2874F6D300A79C77 /* Tarrare.app */,
			);
			name = Products;
			sourceTree = "<group>";
		};
		1FE95A1C2874F6D300A79C77 /* Tarrare */ = {
			isa = PBXGroup;
			children = (
				1FE95A3728773D5C00A79C77 /* Extension.swift */,
				1FE95A1D2874F6D300A79C77 /* AppDelegate.swift */,
				1FE95A1F2874F6D300A79C77 /* SceneDelegate.swift */,
				1FE95A322874F8BB00A79C77 /* Models */,
				1FE95A312874F89C00A79C77 /* View Controllers */,
				1FE95A262874F6D300A79C77 /* Assets.xcassets */,
				1FE95A282874F6D300A79C77 /* LaunchScreen.storyboard */,
				1FE95A2B2874F6D300A79C77 /* Info.plist */,
				1FE95A3B2877495000A79C77 /* InterFont.ttf */,
			);
			path = Tarrare;
			sourceTree = "<group>";
		};
		1FE95A312874F89C00A79C77 /* View Controllers */ = {
			isa = PBXGroup;
			children = (
				1FE95A212874F6D300A79C77 /* ViewController.swift */,
				1FE95A352876418D00A79C77 /* LoginViewController.swift */,
				1FE95A3F2877575300A79C77 /* RegisterViewController.swift */,
			);
			path = "View Controllers";
			sourceTree = "<group>";
		};
		1FE95A322874F8BB00A79C77 /* Models */ = {
			isa = PBXGroup;
			children = (
				1FE95A33287640DA00A79C77 /* User.swift */,
			);
			path = Models;
			sourceTree = "<group>";
		};
/* End PBXGroup section */

/* Begin PBXNativeTarget section */
		1FE95A192874F6D300A79C77 /* Tarrare */ = {
			isa = PBXNativeTarget;
			buildConfigurationList = 1FE95A2E2874F6D300A79C77 /* Build configuration list for PBXNativeTarget "Tarrare" */;
			buildPhases = (
				1FE95A162874F6D300A79C77 /* Sources */,
				1FE95A172874F6D300A79C77 /* Frameworks */,
				1FE95A182874F6D300A79C77 /* Resources */,
			);
			buildRules = (
			);
			dependencies = (
			);
			name = Tarrare;
			productName = Tarrare;
			productReference = 1FE95A1A2874F6D300A79C77 /* Tarrare.app */;
			productType = "com.apple.product-type.application";
		};
/* End PBXNativeTarget section */

/* Begin PBXProject section */
		1FE95A122874F6D300A79C77 /* Project object */ = {
			isa = PBXProject;
			attributes = {
				BuildIndependentTargetsInParallel = 1;
				LastSwiftUpdateCheck = 1340;
				LastUpgradeCheck = 1340;
				TargetAttributes = {
					1FE95A192874F6D300A79C77 = {
						CreatedOnToolsVersion = 13.4.1;
					};
				};
			};
			buildConfigurationList = 1FE95A152874F6D300A79C77 /* Build configuration list for PBXProject "Tarrare" */;
			compatibilityVersion = "Xcode 13.0";
			developmentRegion = en;
			hasScannedForEncodings = 0;
			knownRegions = (
				en,
				Base,
			);
			mainGroup = 1FE95A112874F6D300A79C77;
			productRefGroup = 1FE95A1B2874F6D300A79C77 /* Products */;
			projectDirPath = "";
			projectRoot = "";
			targets = (
				1FE95A192874F6D300A79C77 /* Tarrare */,
			);
		};
/* End PBXProject section */

/* Begin PBXResourcesBuildPhase section */
		1FE95A182874F6D300A79C77 /* Resources */ = {
			isa = PBXResourcesBuildPhase;
			buildActionMask = 2147483647;
			files = (
				1FE95A2A2874F6D300A79C77 /* LaunchScreen.storyboard in Resources */,
				1FE95A272874F6D300A79C77 /* Assets.xcassets in Resources */,
				1FE95A3C2877495000A79C77 /* InterFont.ttf in Resources */,
			);
			runOnlyForDeploymentPostprocessing = 0;
		};
/* End PBXResourcesBuildPhase section */

/* Begin PBXSourcesBuildPhase section */
		1FE95A162874F6D300A79C77 /* Sources */ = {
			isa = PBXSourcesBuildPhase;
			buildActionMask = 2147483647;
			files = (
				1FE95A34287640DA00A79C77 /* User.swift in Sources */,
				1FE95A222874F6D300A79C77 /* ViewController.swift in Sources */,
				1FE95A1E2874F6D300A79C77 /* AppDelegate.swift in Sources */,
				1FE95A402877575300A79C77 /* RegisterViewController.swift in Sources */,
				1FE95A3828773D5C00A79C77 /* Extension.swift in Sources */,
				1FE95A362876418D00A79C77 /* LoginViewController.swift in Sources */,
				1FE95A202874F6D300A79C77 /* SceneDelegate.swift in Sources */,
			);
			runOnlyForDeploymentPostprocessing = 0;
		};
/* End PBXSourcesBuildPhase section */

/* Begin PBXVariantGroup section */
		1FE95A282874F6D300A79C77 /* LaunchScreen.storyboard */ = {
			isa = PBXVariantGroup;
			children = (
				1FE95A292874F6D300A79C77 /* Base */,
			);
			name = LaunchScreen.storyboard;
			sourceTree = "<group>";
		};
/* End PBXVariantGroup section */

/* Begin XCBuildConfiguration section */
		1FE95A2C2874F6D300A79C77 /* Debug */ = {
			isa = XCBuildConfiguration;
			buildSettings = {
				ALWAYS_SEARCH_USER_PATHS = NO;
				CLANG_ANALYZER_NONNULL = YES;
				CLANG_ANALYZER_NUMBER_OBJECT_CONVERSION = YES_AGGRESSIVE;
				CLANG_CXX_LANGUAGE_STANDARD = "gnu++17";
				CLANG_ENABLE_MODULES = YES;
				CLANG_ENABLE_OBJC_ARC = YES;
				CLANG_ENABLE_OBJC_WEAK = YES;
				CLANG_WARN_BLOCK_CAPTURE_AUTORELEASING = YES;
				CLANG_WARN_BOOL_CONVERSION = YES;
				CLANG_WARN_COMMA = YES;
				CLANG_WARN_CONSTANT_CONVERSION = YES;
				CLANG_WARN_DEPRECATED_OBJC_IMPLEMENTATIONS = YES;
				CLANG_WARN_DIRECT_OBJC_ISA_USAGE = YES_ERROR;
				CLANG_WARN_DOCUMENTATION_COMMENTS = YES;
				CLANG_WARN_EMPTY_BODY = YES;
				CLANG_WARN_ENUM_CONVERSION = YES;
				CLANG_WARN_INFINITE_RECURSION = YES;
				CLANG_WARN_INT_CONVERSION = YES;
				CLANG_WARN_NON_LITERAL_NULL_CONVERSION = YES;
				CLANG_WARN_OBJC_IMPLICIT_RETAIN_SELF = YES;
				CLANG_WARN_OBJC_LITERAL_CONVERSION = YES;
				CLANG_WARN_OBJC_ROOT_CLASS = YES_ERROR;
				CLANG_WARN_QUOTED_INCLUDE_IN_FRAMEWORK_HEADER = YES;
				CLANG_WARN_RANGE_LOOP_ANALYSIS = YES;
				CLANG_WARN_STRICT_PROTOTYPES = YES;
				CLANG_WARN_SUSPICIOUS_MOVE = YES;
				CLANG_WARN_UNGUARDED_AVAILABILITY = YES_AGGRESSIVE;
				CLANG_WARN_UNREACHABLE_CODE = YES;
				CLANG_WARN__DUPLICATE_METHOD_MATCH = YES;
				COPY_PHASE_STRIP = NO;
				DEBUG_INFORMATION_FORMAT = dwarf;
				ENABLE_STRICT_OBJC_MSGSEND = YES;
				ENABLE_TESTABILITY = YES;
				GCC_C_LANGUAGE_STANDARD = gnu11;
				GCC_DYNAMIC_NO_PIC = NO;
				GCC_NO_COMMON_BLOCKS = YES;
				GCC_OPTIMIZATION_LEVEL = 0;
				GCC_PREPROCESSOR_DEFINITIONS = (
					"DEBUG=1",
					"$(inherited)",
				);
				GCC_WARN_64_TO_32_BIT_CONVERSION = YES;
				GCC_WARN_ABOUT_RETURN_TYPE = YES_ERROR;
				GCC_WARN_UNDECLARED_SELECTOR = YES;
				GCC_WARN_UNINITIALIZED_AUTOS = YES_AGGRESSIVE;
				GCC_WARN_UNUSED_FUNCTION = YES;
				GCC_WARN_UNUSED_VARIABLE = YES;
				IPHONEOS_DEPLOYMENT_TARGET = 15.5;
				MTL_ENABLE_DEBUG_INFO = INCLUDE_SOURCE;
				MTL_FAST_MATH = YES;
				ONLY_ACTIVE_ARCH = YES;
				SDKROOT = iphoneos;
				SWIFT_ACTIVE_COMPILATION_CONDITIONS = DEBUG;
				SWIFT_OPTIMIZATION_LEVEL = "-Onone";
			};
			name = Debug;
		};
		1FE95A2D2874F6D300A79C77 /* Release */ = {
			isa = XCBuildConfiguration;
			buildSettings = {
				ALWAYS_SEARCH_USER_PATHS = NO;
				CLANG_ANALYZER_NONNULL = YES;
				CLANG_ANALYZER_NUMBER_OBJECT_CONVERSION = YES_AGGRESSIVE;
				CLANG_CXX_LANGUAGE_STANDARD = "gnu++17";
				CLANG_ENABLE_MODULES = YES;
				CLANG_ENABLE_OBJC_ARC = YES;
				CLANG_ENABLE_OBJC_WEAK = YES;
				CLANG_WARN_BLOCK_CAPTURE_AUTORELEASING = YES;
				CLANG_WARN_BOOL_CONVERSION = YES;
				CLANG_WARN_COMMA = YES;
				CLANG_WARN_CONSTANT_CONVERSION = YES;
				CLANG_WARN_DEPRECATED_OBJC_IMPLEMENTATIONS = YES;
				CLANG_WARN_DIRECT_OBJC_ISA_USAGE = YES_ERROR;
				CLANG_WARN_DOCUMENTATION_COMMENTS = YES;
				CLANG_WARN_EMPTY_BODY = YES;
				CLANG_WARN_ENUM_CONVERSION = YES;
				CLANG_WARN_INFINITE_RECURSION = YES;
				CLANG_WARN_INT_CONVERSION = YES;
				CLANG_WARN_NON_LITERAL_NULL_CONVERSION = YES;
				CLANG_WARN_OBJC_IMPLICIT_RETAIN_SELF = YES;
				CLANG_WARN_OBJC_LITERAL_CONVERSION = YES;
				CLANG_WARN_OBJC_ROOT_CLASS = YES_ERROR;
				CLANG_WARN_QUOTED_INCLUDE_IN_FRAMEWORK_HEADER = YES;
				CLANG_WARN_RANGE_LOOP_ANALYSIS = YES;
				CLANG_WARN_STRICT_PROTOTYPES = YES;
				CLANG_WARN_SUSPICIOUS_MOVE = YES;
				CLANG_WARN_UNGUARDED_AVAILABILITY = YES_AGGRESSIVE;
				CLANG_WARN_UNREACHABLE_CODE = YES;
				CLANG_WARN__DUPLICATE_METHOD_MATCH = YES;
				COPY_PHASE_STRIP = NO;
				DEBUG_INFORMATION_FORMAT = "dwarf-with-dsym";
				ENABLE_NS_ASSERTIONS = NO;
				ENABLE_STRICT_OBJC_MSGSEND = YES;
				GCC_C_LANGUAGE_STANDARD = gnu11;
				GCC_NO_COMMON_BLOCKS = YES;
				GCC_WARN_64_TO_32_BIT_CONVERSION = YES;
				GCC_WARN_ABOUT_RETURN_TYPE = YES_ERROR;
				GCC_WARN_UNDECLARED_SELECTOR = YES;
				GCC_WARN_UNINITIALIZED_AUTOS = YES_AGGRESSIVE;
				GCC_WARN_UNUSED_FUNCTION = YES;
				GCC_WARN_UNUSED_VARIABLE = YES;
				IPHONEOS_DEPLOYMENT_TARGET = 15.5;
				MTL_ENABLE_DEBUG_INFO = NO;
				MTL_FAST_MATH = YES;
				SDKROOT = iphoneos;
				SWIFT_COMPILATION_MODE = wholemodule;
				SWIFT_OPTIMIZATION_LEVEL = "-O";
				VALIDATE_PRODUCT = YES;
			};
			name = Release;
		};
		1FE95A2F2874F6D300A79C77 /* Debug */ = {
			isa = XCBuildConfiguration;
			buildSettings = {
				ASSETCATALOG_COMPILER_APPICON_NAME = AppIcon;
				ASSETCATALOG_COMPILER_GLOBAL_ACCENT_COLOR_NAME = AccentColor;
				CODE_SIGN_STYLE = Automatic;
				CURRENT_PROJECT_VERSION = 1;
				DEVELOPMENT_TEAM = 454EU8SVK2;
				GENERATE_INFOPLIST_FILE = YES;
				INFOPLIST_FILE = Tarrare/Info.plist;
				INFOPLIST_KEY_UIApplicationSupportsIndirectInputEvents = YES;
				INFOPLIST_KEY_UILaunchStoryboardName = LaunchScreen;
				INFOPLIST_KEY_UISupportedInterfaceOrientations_iPad = "UIInterfaceOrientationPortrait UIInterfaceOrientationPortraitUpsideDown UIInterfaceOrientationLandscapeLeft UIInterfaceOrientationLandscapeRight";
				INFOPLIST_KEY_UISupportedInterfaceOrientations_iPhone = "UIInterfaceOrientationPortrait UIInterfaceOrientationLandscapeLeft UIInterfaceOrientationLandscapeRight";
				LD_RUNPATH_SEARCH_PATHS = (
					"$(inherited)",
					"@executable_path/Frameworks",
				);
				MARKETING_VERSION = 1.0;
				PRODUCT_BUNDLE_IDENTIFIER = com.rashadp.Tarrare;
				PRODUCT_NAME = "$(TARGET_NAME)";
				SWIFT_EMIT_LOC_STRINGS = YES;
				SWIFT_VERSION = 5.0;
				TARGETED_DEVICE_FAMILY = "1,2";
			};
			name = Debug;
		};
		1FE95A302874F6D300A79C77 /* Release */ = {
			isa = XCBuildConfiguration;
			buildSettings = {
				ASSETCATALOG_COMPILER_APPICON_NAME = AppIcon;
				ASSETCATALOG_COMPILER_GLOBAL_ACCENT_COLOR_NAME = AccentColor;
				CODE_SIGN_STYLE = Automatic;
				CURRENT_PROJECT_VERSION = 1;
				DEVELOPMENT_TEAM = 454EU8SVK2;
				GENERATE_INFOPLIST_FILE = YES;
				INFOPLIST_FILE = Tarrare/Info.plist;
				INFOPLIST_KEY_UIApplicationSupportsIndirectInputEvents = YES;
				INFOPLIST_KEY_UILaunchStoryboardName = LaunchScreen;
				INFOPLIST_KEY_UISupportedInterfaceOrientations_iPad = "UIInterfaceOrientationPortrait UIInterfaceOrientationPortraitUpsideDown UIInterfaceOrientationLandscapeLeft UIInterfaceOrientationLandscapeRight";
				INFOPLIST_KEY_UISupportedInterfaceOrientations_iPhone = "UIInterfaceOrientationPortrait UIInterfaceOrientationLandscapeLeft UIInterfaceOrientationLandscapeRight";
				LD_RUNPATH_SEARCH_PATHS = (
					"$(inherited)",
					"@executable_path/Frameworks",
				);
				MARKETING_VERSION = 1.0;
				PRODUCT_BUNDLE_IDENTIFIER = com.rashadp.Tarrare;
				PRODUCT_NAME = "$(TARGET_NAME)";
				SWIFT_EMIT_LOC_STRINGS = YES;
				SWIFT_VERSION = 5.0;
				TARGETED_DEVICE_FAMILY = "1,2";
			};
			name = Release;
		};
/* End XCBuildConfiguration section */

/* Begin XCConfigurationList section */
		1FE95A152874F6D300A79C77 /* Build configuration list for PBXProject "Tarrare" */ = {
			isa = XCConfigurationList;
			buildConfigurations = (
				1FE95A2C2874F6D300A79C77 /* Debug */,
				1FE95A2D2874F6D300A79C77 /* Release */,
			);
			defaultConfigurationIsVisible = 0;
			defaultConfigurationName = Release;
		};
		1FE95A2E2874F6D300A79C77 /* Build configuration list for PBXNativeTarget "Tarrare" */ = {
			isa = XCConfigurationList;
			buildConfigurations = (
				1FE95A2F2874F6D300A79C77 /* Debug */,
				1FE95A302874F6D300A79C77 /* Release */,
			);
			defaultConfigurationIsVisible = 0;
			defaultConfigurationName = Release;
		};
/* End XCConfigurationList section */
	};
	rootObject = 1FE95A122874F6D300A79C77 /* Project object */;
}
