// !$*UTF8*$!
{
	archiveVersion = 1;
	classes = {
	};
	objectVersion = 55;
	objects = {

/* Begin PBXBuildFile section */
		1F2F45992891ED7000036D40 /* Match.swift in Sources */ = {isa = PBXBuildFile; fileRef = 1F2F45982891ED7000036D40 /* Match.swift */; };
		1F2F459B2891ED7900036D40 /* Conversation.swift in Sources */ = {isa = PBXBuildFile; fileRef = 1F2F459A2891ED7900036D40 /* Conversation.swift */; };
		1F2F459D2891EDA000036D40 /* AppLoadingViewController.swift in Sources */ = {isa = PBXBuildFile; fileRef = 1F2F459C2891EDA000036D40 /* AppLoadingViewController.swift */; };
		1F2F459F2891EDC000036D40 /* Order.swift in Sources */ = {isa = PBXBuildFile; fileRef = 1F2F459E2891EDC000036D40 /* Order.swift */; };
		1F2F45A12891EDCC00036D40 /* NewOfferViewController.swift in Sources */ = {isa = PBXBuildFile; fileRef = 1F2F45A02891EDCB00036D40 /* NewOfferViewController.swift */; };
		1F2F45A32891EDF500036D40 /* ConvoCell.swift in Sources */ = {isa = PBXBuildFile; fileRef = 1F2F45A22891EDF500036D40 /* ConvoCell.swift */; };
		1F2F45A72892055900036D40 /* GoogleMapsBase.xcframework in Frameworks */ = {isa = PBXBuildFile; fileRef = 1F2F45A42892055900036D40 /* GoogleMapsBase.xcframework */; };
		1F2F45A92892055900036D40 /* GoogleMapsCore.xcframework in Frameworks */ = {isa = PBXBuildFile; fileRef = 1F2F45A52892055900036D40 /* GoogleMapsCore.xcframework */; };
		1F2F45AB2892055900036D40 /* GoogleMaps.xcframework in Frameworks */ = {isa = PBXBuildFile; fileRef = 1F2F45A62892055900036D40 /* GoogleMaps.xcframework */; };
		1F2F45AF2892059800036D40 /* GoogleMaps.bundle in Resources */ = {isa = PBXBuildFile; fileRef = 1F2F45AE2892059800036D40 /* GoogleMaps.bundle */; };
		1F2F45B1289205B500036D40 /* Accelerate.framework in Frameworks */ = {isa = PBXBuildFile; fileRef = 1F2F45B0289205B500036D40 /* Accelerate.framework */; };
		1F2F45B3289205BC00036D40 /* CoreData.framework in Frameworks */ = {isa = PBXBuildFile; fileRef = 1F2F45B2289205BC00036D40 /* CoreData.framework */; };
		1F2F45B5289205C400036D40 /* CoreGraphics.framework in Frameworks */ = {isa = PBXBuildFile; fileRef = 1F2F45B4289205C400036D40 /* CoreGraphics.framework */; };
		1F2F45B7289205C900036D40 /* CoreImage.framework in Frameworks */ = {isa = PBXBuildFile; fileRef = 1F2F45B6289205C900036D40 /* CoreImage.framework */; };
		1F2F45B9289205CD00036D40 /* CoreLocation.framework in Frameworks */ = {isa = PBXBuildFile; fileRef = 1F2F45B8289205CD00036D40 /* CoreLocation.framework */; };
		1F2F45BB289205D200036D40 /* CoreTelephony.framework in Frameworks */ = {isa = PBXBuildFile; fileRef = 1F2F45BA289205D200036D40 /* CoreTelephony.framework */; };
		1F2F45BD289205D600036D40 /* CoreText.framework in Frameworks */ = {isa = PBXBuildFile; fileRef = 1F2F45BC289205D600036D40 /* CoreText.framework */; };
		1F2F45BF289205DC00036D40 /* GLKit.framework in Frameworks */ = {isa = PBXBuildFile; fileRef = 1F2F45BE289205DC00036D40 /* GLKit.framework */; };
		1F2F45C1289205E100036D40 /* ImageIO.framework in Frameworks */ = {isa = PBXBuildFile; fileRef = 1F2F45C0289205E100036D40 /* ImageIO.framework */; };
		1F2F45C3289205E700036D40 /* libc++.tbd in Frameworks */ = {isa = PBXBuildFile; fileRef = 1F2F45C2289205E700036D40 /* libc++.tbd */; };
		1F2F45C5289205EC00036D40 /* libz.tbd in Frameworks */ = {isa = PBXBuildFile; fileRef = 1F2F45C4289205EC00036D40 /* libz.tbd */; };
		1F2F45C7289205F100036D40 /* Metal.framework in Frameworks */ = {isa = PBXBuildFile; fileRef = 1F2F45C6289205F100036D40 /* Metal.framework */; };
		1F2F45C9289205F600036D40 /* OpenGLES.framework in Frameworks */ = {isa = PBXBuildFile; fileRef = 1F2F45C8289205F600036D40 /* OpenGLES.framework */; };
		1F2F45CB289205FB00036D40 /* QuartzCore.framework in Frameworks */ = {isa = PBXBuildFile; fileRef = 1F2F45CA289205FB00036D40 /* QuartzCore.framework */; };
		1F2F45CD2892060000036D40 /* SystemConfiguration.framework in Frameworks */ = {isa = PBXBuildFile; fileRef = 1F2F45CC2892060000036D40 /* SystemConfiguration.framework */; };
		1F2F45CF2892060500036D40 /* UIKit.framework in Frameworks */ = {isa = PBXBuildFile; fileRef = 1F2F45CE2892060400036D40 /* UIKit.framework */; };
		1F2F45D12892065500036D40 /* GooglePlaces.xcframework in Frameworks */ = {isa = PBXBuildFile; fileRef = 1F2F45D02892065500036D40 /* GooglePlaces.xcframework */; };
		1F2F45D72892069400036D40 /* GooglePlaces.bundle in Resources */ = {isa = PBXBuildFile; fileRef = 1F2F45D62892069400036D40 /* GooglePlaces.bundle */; };
		1F2F45D928920A5F00036D40 /* OrderScreenRestaurantsViewController.swift in Sources */ = {isa = PBXBuildFile; fileRef = 1F2F45D828920A5F00036D40 /* OrderScreenRestaurantsViewController.swift */; };
		1F2F45DB28920F7A00036D40 /* RestaurantCell.swift in Sources */ = {isa = PBXBuildFile; fileRef = 1F2F45DA28920F7900036D40 /* RestaurantCell.swift */; };
		1F2F45F12892FF8D00036D40 /* CreateMessage.graphql in Resources */ = {isa = PBXBuildFile; fileRef = 1F2F45DD2892FF8B00036D40 /* CreateMessage.graphql */; };
		1F2F45F22892FF8D00036D40 /* GetUserConversations.graphql in Resources */ = {isa = PBXBuildFile; fileRef = 1F2F45DE2892FF8B00036D40 /* GetUserConversations.graphql */; };
		1F2F45F32892FF8D00036D40 /* MessageListen.graphql in Resources */ = {isa = PBXBuildFile; fileRef = 1F2F45DF2892FF8B00036D40 /* MessageListen.graphql */; };
		1F2F45F42892FF8D00036D40 /* GetConversation.graphql in Resources */ = {isa = PBXBuildFile; fileRef = 1F2F45E02892FF8B00036D40 /* GetConversation.graphql */; };
		1F2F45F52892FF8D00036D40 /* LoginUser.graphql in Resources */ = {isa = PBXBuildFile; fileRef = 1F2F45E22892FF8C00036D40 /* LoginUser.graphql */; };
		1F2F45F62892FF8D00036D40 /* RegisterUser.graphql in Resources */ = {isa = PBXBuildFile; fileRef = 1F2F45E32892FF8C00036D40 /* RegisterUser.graphql */; };
		1F2F45F72892FF8D00036D40 /* DeclineMatch.graphql in Resources */ = {isa = PBXBuildFile; fileRef = 1F2F45E52892FF8D00036D40 /* DeclineMatch.graphql */; };
		1F2F45F82892FF8D00036D40 /* NewMatchListen.graphql in Resources */ = {isa = PBXBuildFile; fileRef = 1F2F45E62892FF8D00036D40 /* NewMatchListen.graphql */; };
		1F2F45F92892FF8D00036D40 /* AllDeliveries.graphql in Resources */ = {isa = PBXBuildFile; fileRef = 1F2F45E72892FF8D00036D40 /* AllDeliveries.graphql */; };
		1F2F45FA2892FF8D00036D40 /* GetUserDelivery.graphql in Resources */ = {isa = PBXBuildFile; fileRef = 1F2F45E82892FF8D00036D40 /* GetUserDelivery.graphql */; };
		1F2F45FB2892FF8D00036D40 /* GetUserOrder.graphql in Resources */ = {isa = PBXBuildFile; fileRef = 1F2F45E92892FF8D00036D40 /* GetUserOrder.graphql */; };
		1F2F45FC2892FF8D00036D40 /* AcceptMatch.graphql in Resources */ = {isa = PBXBuildFile; fileRef = 1F2F45EA2892FF8D00036D40 /* AcceptMatch.graphql */; };
		1F2F45FD2892FF8D00036D40 /* UpsertDelivery.graphql in Resources */ = {isa = PBXBuildFile; fileRef = 1F2F45EB2892FF8D00036D40 /* UpsertDelivery.graphql */; };
		1F2F45FE2892FF8D00036D40 /* CancelOrder.graphql in Resources */ = {isa = PBXBuildFile; fileRef = 1F2F45EC2892FF8D00036D40 /* CancelOrder.graphql */; };
		1F2F45FF2892FF8D00036D40 /* UpsertOrder.graphql in Resources */ = {isa = PBXBuildFile; fileRef = 1F2F45ED2892FF8D00036D40 /* UpsertOrder.graphql */; };
		1F2F46002892FF8D00036D40 /* CreatePlace.graphql in Resources */ = {isa = PBXBuildFile; fileRef = 1F2F45EE2892FF8D00036D40 /* CreatePlace.graphql */; };
		1F2F46012892FF8D00036D40 /* CancelDelivery.graphql in Resources */ = {isa = PBXBuildFile; fileRef = 1F2F45EF2892FF8D00036D40 /* CancelDelivery.graphql */; };
		1F2F46022892FF8D00036D40 /* Fragments.graphql in Resources */ = {isa = PBXBuildFile; fileRef = 1F2F45F02892FF8D00036D40 /* Fragments.graphql */; };
		1F634DFA289301E300D027AD /* GetAllActiveRestaurants.graphql in Resources */ = {isa = PBXBuildFile; fileRef = 1F634DF9289301E300D027AD /* GetAllActiveRestaurants.graphql */; };
		1F634DFC2893181900D027AD /* RestaurantDeliveriesViewController.swift in Sources */ = {isa = PBXBuildFile; fileRef = 1F634DFB2893181900D027AD /* RestaurantDeliveriesViewController.swift */; };
		1F634DFE28934B2300D027AD /* GetActiveDeliveries.graphql in Resources */ = {isa = PBXBuildFile; fileRef = 1F634DFD28934B2300D027AD /* GetActiveDeliveries.graphql */; };
		1F993F342885C8A200DD1A54 /* Apollo in Frameworks */ = {isa = PBXBuildFile; productRef = 1F993F332885C8A200DD1A54 /* Apollo */; };
		1F993F362885C8A200DD1A54 /* ApolloWebSocket in Frameworks */ = {isa = PBXBuildFile; productRef = 1F993F352885C8A200DD1A54 /* ApolloWebSocket */; };
		1F993F3A28860F4B00DD1A54 /* MessageKit in Frameworks */ = {isa = PBXBuildFile; productRef = 1F993F3928860F4B00DD1A54 /* MessageKit */; };
		1F993F3C2886195800DD1A54 /* Message.swift in Sources */ = {isa = PBXBuildFile; fileRef = 1F993F3B2886195800DD1A54 /* Message.swift */; };
		1F993F3E2886205500DD1A54 /* OpenChatsViewController.swift in Sources */ = {isa = PBXBuildFile; fileRef = 1F993F3D2886205500DD1A54 /* OpenChatsViewController.swift */; };
		1F993F4328862A8100DD1A54 /* API.swift in Sources */ = {isa = PBXBuildFile; fileRef = 1F993F4228862A6600DD1A54 /* API.swift */; };
		1FB83FF82878FCBD00E33667 /* MapsAPI.swift in Sources */ = {isa = PBXBuildFile; fileRef = 1FB83FF72878FCBD00E33667 /* MapsAPI.swift */; };
		1FB83FFA2879070400E33667 /* Place.swift in Sources */ = {isa = PBXBuildFile; fileRef = 1FB83FF92879070400E33667 /* Place.swift */; };
		1FB83FFE287C89F200E33667 /* LocationUILabel.swift in Sources */ = {isa = PBXBuildFile; fileRef = 1FB83FFD287C89F200E33667 /* LocationUILabel.swift */; };
		1FB84002287C9BEF00E33667 /* PlaceCell.swift in Sources */ = {isa = PBXBuildFile; fileRef = 1FB84001287C9BEF00E33667 /* PlaceCell.swift */; };
		1FB84008287CF6BD00E33667 /* DeliverViewController.swift in Sources */ = {isa = PBXBuildFile; fileRef = 1FB84007287CF6BD00E33667 /* DeliverViewController.swift */; };
		1FB8400A287CFE8900E33667 /* OrderViewController.swift in Sources */ = {isa = PBXBuildFile; fileRef = 1FB84009287CFE8900E33667 /* OrderViewController.swift */; };
		1FB8400E287E5E6A00E33667 /* Delivery.swift in Sources */ = {isa = PBXBuildFile; fileRef = 1FB8400D287E5E6A00E33667 /* Delivery.swift */; };
		1FB84010287F6EC700E33667 /* Resturant.swift in Sources */ = {isa = PBXBuildFile; fileRef = 1FB8400F287F6EC700E33667 /* Resturant.swift */; };
		1FB84012287F6F4600E33667 /* DeliveryBuilding.swift in Sources */ = {isa = PBXBuildFile; fileRef = 1FB84011287F6F4600E33667 /* DeliveryBuilding.swift */; };
		1FB84014287F718B00E33667 /* DeliveryCell.swift in Sources */ = {isa = PBXBuildFile; fileRef = 1FB84013287F718B00E33667 /* DeliveryCell.swift */; };
		1FB84016288096ED00E33667 /* IndividualChatViewController.swift in Sources */ = {isa = PBXBuildFile; fileRef = 1FB84015288096ED00E33667 /* IndividualChatViewController.swift */; };
		1FE95A1E2874F6D300A79C77 /* AppDelegate.swift in Sources */ = {isa = PBXBuildFile; fileRef = 1FE95A1D2874F6D300A79C77 /* AppDelegate.swift */; };
		1FE95A202874F6D300A79C77 /* SceneDelegate.swift in Sources */ = {isa = PBXBuildFile; fileRef = 1FE95A1F2874F6D300A79C77 /* SceneDelegate.swift */; };
		1FE95A272874F6D300A79C77 /* Assets.xcassets in Resources */ = {isa = PBXBuildFile; fileRef = 1FE95A262874F6D300A79C77 /* Assets.xcassets */; };
		1FE95A2A2874F6D300A79C77 /* LaunchScreen.storyboard in Resources */ = {isa = PBXBuildFile; fileRef = 1FE95A282874F6D300A79C77 /* LaunchScreen.storyboard */; };
		1FE95A34287640DA00A79C77 /* User.swift in Sources */ = {isa = PBXBuildFile; fileRef = 1FE95A33287640DA00A79C77 /* User.swift */; };
		1FE95A362876418D00A79C77 /* LoginViewController.swift in Sources */ = {isa = PBXBuildFile; fileRef = 1FE95A352876418D00A79C77 /* LoginViewController.swift */; };
		1FE95A3828773D5C00A79C77 /* Extension.swift in Sources */ = {isa = PBXBuildFile; fileRef = 1FE95A3728773D5C00A79C77 /* Extension.swift */; };
		1FE95A3C2877495000A79C77 /* InterFont.ttf in Resources */ = {isa = PBXBuildFile; fileRef = 1FE95A3B2877495000A79C77 /* InterFont.ttf */; };
		1FE95A402877575300A79C77 /* RegisterViewController.swift in Sources */ = {isa = PBXBuildFile; fileRef = 1FE95A3F2877575300A79C77 /* RegisterViewController.swift */; };
		1FE95A42287764E700A79C77 /* TarrareTextField.swift in Sources */ = {isa = PBXBuildFile; fileRef = 1FE95A41287764E700A79C77 /* TarrareTextField.swift */; };
		1FE95A452877880C00A79C77 /* APIManager.swift in Sources */ = {isa = PBXBuildFile; fileRef = 1FE95A442877880C00A79C77 /* APIManager.swift */; };
		1FE95A4C2878A70500A79C77 /* GoogleService-Info.plist in Resources */ = {isa = PBXBuildFile; fileRef = 1FE95A4B2878A70500A79C77 /* GoogleService-Info.plist */; };
		1FE95A4E2878AFC500A79C77 /* Constants.swift in Sources */ = {isa = PBXBuildFile; fileRef = 1FE95A4D2878AFC500A79C77 /* Constants.swift */; };
		1FE95A502878B4CF00A79C77 /* HomeViewController.swift in Sources */ = {isa = PBXBuildFile; fileRef = 1FE95A4F2878B4CF00A79C77 /* HomeViewController.swift */; };
		1FE95A522878B5AA00A79C77 /* ProfileViewController.swift in Sources */ = {isa = PBXBuildFile; fileRef = 1FE95A512878B5AA00A79C77 /* ProfileViewController.swift */; };
		1FE95A552878B6B900A79C77 /* MainTabBarController.swift in Sources */ = {isa = PBXBuildFile; fileRef = 1FE95A542878B6B900A79C77 /* MainTabBarController.swift */; };
		1FE95A5B2878E99300A79C77 /* SelectLocationViewController.swift in Sources */ = {isa = PBXBuildFile; fileRef = 1FE95A5A2878E99300A79C77 /* SelectLocationViewController.swift */; };
		91765C5EB86B19F52D4BC34D /* Pods_Tarrare.framework in Frameworks */ = {isa = PBXBuildFile; fileRef = 56DEEAE22CDC04411E670E42 /* Pods_Tarrare.framework */; };
/* End PBXBuildFile section */

/* Begin PBXFileReference section */
		1F2F45982891ED7000036D40 /* Match.swift */ = {isa = PBXFileReference; fileEncoding = 4; lastKnownFileType = sourcecode.swift; path = Match.swift; sourceTree = "<group>"; };
		1F2F459A2891ED7900036D40 /* Conversation.swift */ = {isa = PBXFileReference; fileEncoding = 4; lastKnownFileType = sourcecode.swift; path = Conversation.swift; sourceTree = "<group>"; };
		1F2F459C2891EDA000036D40 /* AppLoadingViewController.swift */ = {isa = PBXFileReference; fileEncoding = 4; lastKnownFileType = sourcecode.swift; path = AppLoadingViewController.swift; sourceTree = "<group>"; };
		1F2F459E2891EDC000036D40 /* Order.swift */ = {isa = PBXFileReference; fileEncoding = 4; lastKnownFileType = sourcecode.swift; path = Order.swift; sourceTree = "<group>"; };
		1F2F45A02891EDCB00036D40 /* NewOfferViewController.swift */ = {isa = PBXFileReference; fileEncoding = 4; lastKnownFileType = sourcecode.swift; path = NewOfferViewController.swift; sourceTree = "<group>"; };
		1F2F45A22891EDF500036D40 /* ConvoCell.swift */ = {isa = PBXFileReference; fileEncoding = 4; lastKnownFileType = sourcecode.swift; path = ConvoCell.swift; sourceTree = "<group>"; };
		1F2F45A42892055900036D40 /* GoogleMapsBase.xcframework */ = {isa = PBXFileReference; lastKnownFileType = wrapper.xcframework; name = GoogleMapsBase.xcframework; path = "../../../../Downloads/GoogleMaps-7.0.0-beta 5/GoogleMapsBase.xcframework"; sourceTree = "<group>"; };
		1F2F45A52892055900036D40 /* GoogleMapsCore.xcframework */ = {isa = PBXFileReference; lastKnownFileType = wrapper.xcframework; name = GoogleMapsCore.xcframework; path = "../../../../Downloads/GoogleMaps-7.0.0-beta 5/GoogleMapsCore.xcframework"; sourceTree = "<group>"; };
		1F2F45A62892055900036D40 /* GoogleMaps.xcframework */ = {isa = PBXFileReference; lastKnownFileType = wrapper.xcframework; name = GoogleMaps.xcframework; path = "../../../../Downloads/GoogleMaps-7.0.0-beta 5/GoogleMaps.xcframework"; sourceTree = "<group>"; };
		1F2F45AE2892059800036D40 /* GoogleMaps.bundle */ = {isa = PBXFileReference; lastKnownFileType = "wrapper.plug-in"; name = GoogleMaps.bundle; path = "../../../../Downloads/GoogleMaps-7.0.0-beta 5/GoogleMaps.xcframework/ios-arm64_x86_64-simulator/GoogleMaps.framework/Resources/GoogleMaps.bundle"; sourceTree = "<group>"; };
		1F2F45B0289205B500036D40 /* Accelerate.framework */ = {isa = PBXFileReference; lastKnownFileType = wrapper.framework; name = Accelerate.framework; path = System/Library/Frameworks/Accelerate.framework; sourceTree = SDKROOT; };
		1F2F45B2289205BC00036D40 /* CoreData.framework */ = {isa = PBXFileReference; lastKnownFileType = wrapper.framework; name = CoreData.framework; path = System/Library/Frameworks/CoreData.framework; sourceTree = SDKROOT; };
		1F2F45B4289205C400036D40 /* CoreGraphics.framework */ = {isa = PBXFileReference; lastKnownFileType = wrapper.framework; name = CoreGraphics.framework; path = System/Library/Frameworks/CoreGraphics.framework; sourceTree = SDKROOT; };
		1F2F45B6289205C900036D40 /* CoreImage.framework */ = {isa = PBXFileReference; lastKnownFileType = wrapper.framework; name = CoreImage.framework; path = System/Library/Frameworks/CoreImage.framework; sourceTree = SDKROOT; };
		1F2F45B8289205CD00036D40 /* CoreLocation.framework */ = {isa = PBXFileReference; lastKnownFileType = wrapper.framework; name = CoreLocation.framework; path = System/Library/Frameworks/CoreLocation.framework; sourceTree = SDKROOT; };
		1F2F45BA289205D200036D40 /* CoreTelephony.framework */ = {isa = PBXFileReference; lastKnownFileType = wrapper.framework; name = CoreTelephony.framework; path = System/Library/Frameworks/CoreTelephony.framework; sourceTree = SDKROOT; };
		1F2F45BC289205D600036D40 /* CoreText.framework */ = {isa = PBXFileReference; lastKnownFileType = wrapper.framework; name = CoreText.framework; path = System/Library/Frameworks/CoreText.framework; sourceTree = SDKROOT; };
		1F2F45BE289205DC00036D40 /* GLKit.framework */ = {isa = PBXFileReference; lastKnownFileType = wrapper.framework; name = GLKit.framework; path = System/Library/Frameworks/GLKit.framework; sourceTree = SDKROOT; };
		1F2F45C0289205E100036D40 /* ImageIO.framework */ = {isa = PBXFileReference; lastKnownFileType = wrapper.framework; name = ImageIO.framework; path = System/Library/Frameworks/ImageIO.framework; sourceTree = SDKROOT; };
		1F2F45C2289205E700036D40 /* libc++.tbd */ = {isa = PBXFileReference; lastKnownFileType = "sourcecode.text-based-dylib-definition"; name = "libc++.tbd"; path = "usr/lib/libc++.tbd"; sourceTree = SDKROOT; };
		1F2F45C4289205EC00036D40 /* libz.tbd */ = {isa = PBXFileReference; lastKnownFileType = "sourcecode.text-based-dylib-definition"; name = libz.tbd; path = usr/lib/libz.tbd; sourceTree = SDKROOT; };
		1F2F45C6289205F100036D40 /* Metal.framework */ = {isa = PBXFileReference; lastKnownFileType = wrapper.framework; name = Metal.framework; path = System/Library/Frameworks/Metal.framework; sourceTree = SDKROOT; };
		1F2F45C8289205F600036D40 /* OpenGLES.framework */ = {isa = PBXFileReference; lastKnownFileType = wrapper.framework; name = OpenGLES.framework; path = System/Library/Frameworks/OpenGLES.framework; sourceTree = SDKROOT; };
		1F2F45CA289205FB00036D40 /* QuartzCore.framework */ = {isa = PBXFileReference; lastKnownFileType = wrapper.framework; name = QuartzCore.framework; path = System/Library/Frameworks/QuartzCore.framework; sourceTree = SDKROOT; };
		1F2F45CC2892060000036D40 /* SystemConfiguration.framework */ = {isa = PBXFileReference; lastKnownFileType = wrapper.framework; name = SystemConfiguration.framework; path = System/Library/Frameworks/SystemConfiguration.framework; sourceTree = SDKROOT; };
		1F2F45CE2892060400036D40 /* UIKit.framework */ = {isa = PBXFileReference; lastKnownFileType = wrapper.framework; name = UIKit.framework; path = System/Library/Frameworks/UIKit.framework; sourceTree = SDKROOT; };
		1F2F45D02892065500036D40 /* GooglePlaces.xcframework */ = {isa = PBXFileReference; lastKnownFileType = wrapper.xcframework; name = GooglePlaces.xcframework; path = "../../../../Downloads/GooglePlaces-7.0.0-beta 3/GooglePlaces.xcframework"; sourceTree = "<group>"; };
		1F2F45D62892069400036D40 /* GooglePlaces.bundle */ = {isa = PBXFileReference; lastKnownFileType = "wrapper.plug-in"; name = GooglePlaces.bundle; path = "../../../../Downloads/GooglePlaces-7.0.0-beta 3/GooglePlaces.xcframework/ios-arm64_x86_64-simulator/GooglePlaces.framework/Resources/GooglePlaces.bundle"; sourceTree = "<group>"; };
		1F2F45D828920A5F00036D40 /* OrderScreenRestaurantsViewController.swift */ = {isa = PBXFileReference; lastKnownFileType = sourcecode.swift; path = OrderScreenRestaurantsViewController.swift; sourceTree = "<group>"; };
		1F2F45DA28920F7900036D40 /* RestaurantCell.swift */ = {isa = PBXFileReference; lastKnownFileType = sourcecode.swift; path = RestaurantCell.swift; sourceTree = "<group>"; };
		1F2F45DD2892FF8B00036D40 /* CreateMessage.graphql */ = {isa = PBXFileReference; fileEncoding = 4; lastKnownFileType = text; path = CreateMessage.graphql; sourceTree = "<group>"; };
		1F2F45DE2892FF8B00036D40 /* GetUserConversations.graphql */ = {isa = PBXFileReference; fileEncoding = 4; lastKnownFileType = text; path = GetUserConversations.graphql; sourceTree = "<group>"; };
		1F2F45DF2892FF8B00036D40 /* MessageListen.graphql */ = {isa = PBXFileReference; fileEncoding = 4; lastKnownFileType = text; path = MessageListen.graphql; sourceTree = "<group>"; };
		1F2F45E02892FF8B00036D40 /* GetConversation.graphql */ = {isa = PBXFileReference; fileEncoding = 4; lastKnownFileType = text; path = GetConversation.graphql; sourceTree = "<group>"; };
		1F2F45E22892FF8C00036D40 /* LoginUser.graphql */ = {isa = PBXFileReference; fileEncoding = 4; lastKnownFileType = text; path = LoginUser.graphql; sourceTree = "<group>"; };
		1F2F45E32892FF8C00036D40 /* RegisterUser.graphql */ = {isa = PBXFileReference; fileEncoding = 4; lastKnownFileType = text; path = RegisterUser.graphql; sourceTree = "<group>"; };
		1F2F45E52892FF8D00036D40 /* DeclineMatch.graphql */ = {isa = PBXFileReference; fileEncoding = 4; lastKnownFileType = text; path = DeclineMatch.graphql; sourceTree = "<group>"; };
		1F2F45E62892FF8D00036D40 /* NewMatchListen.graphql */ = {isa = PBXFileReference; fileEncoding = 4; lastKnownFileType = text; path = NewMatchListen.graphql; sourceTree = "<group>"; };
		1F2F45E72892FF8D00036D40 /* AllDeliveries.graphql */ = {isa = PBXFileReference; fileEncoding = 4; lastKnownFileType = text; path = AllDeliveries.graphql; sourceTree = "<group>"; };
		1F2F45E82892FF8D00036D40 /* GetUserDelivery.graphql */ = {isa = PBXFileReference; fileEncoding = 4; lastKnownFileType = text; path = GetUserDelivery.graphql; sourceTree = "<group>"; };
		1F2F45E92892FF8D00036D40 /* GetUserOrder.graphql */ = {isa = PBXFileReference; fileEncoding = 4; lastKnownFileType = text; path = GetUserOrder.graphql; sourceTree = "<group>"; };
		1F2F45EA2892FF8D00036D40 /* AcceptMatch.graphql */ = {isa = PBXFileReference; fileEncoding = 4; lastKnownFileType = text; path = AcceptMatch.graphql; sourceTree = "<group>"; };
		1F2F45EB2892FF8D00036D40 /* UpsertDelivery.graphql */ = {isa = PBXFileReference; fileEncoding = 4; lastKnownFileType = text; path = UpsertDelivery.graphql; sourceTree = "<group>"; };
		1F2F45EC2892FF8D00036D40 /* CancelOrder.graphql */ = {isa = PBXFileReference; fileEncoding = 4; lastKnownFileType = text; path = CancelOrder.graphql; sourceTree = "<group>"; };
		1F2F45ED2892FF8D00036D40 /* UpsertOrder.graphql */ = {isa = PBXFileReference; fileEncoding = 4; lastKnownFileType = text; path = UpsertOrder.graphql; sourceTree = "<group>"; };
		1F2F45EE2892FF8D00036D40 /* CreatePlace.graphql */ = {isa = PBXFileReference; fileEncoding = 4; lastKnownFileType = text; path = CreatePlace.graphql; sourceTree = "<group>"; };
		1F2F45EF2892FF8D00036D40 /* CancelDelivery.graphql */ = {isa = PBXFileReference; fileEncoding = 4; lastKnownFileType = text; path = CancelDelivery.graphql; sourceTree = "<group>"; };
		1F2F45F02892FF8D00036D40 /* Fragments.graphql */ = {isa = PBXFileReference; fileEncoding = 4; lastKnownFileType = text; path = Fragments.graphql; sourceTree = "<group>"; };
		1F634DF9289301E300D027AD /* GetAllActiveRestaurants.graphql */ = {isa = PBXFileReference; lastKnownFileType = text; path = GetAllActiveRestaurants.graphql; sourceTree = "<group>"; };
		1F634DFB2893181900D027AD /* RestaurantDeliveriesViewController.swift */ = {isa = PBXFileReference; lastKnownFileType = sourcecode.swift; path = RestaurantDeliveriesViewController.swift; sourceTree = "<group>"; };
		1F634DFD28934B2300D027AD /* GetActiveDeliveries.graphql */ = {isa = PBXFileReference; lastKnownFileType = text; path = GetActiveDeliveries.graphql; sourceTree = "<group>"; };
		1F993F3B2886195800DD1A54 /* Message.swift */ = {isa = PBXFileReference; lastKnownFileType = sourcecode.swift; path = Message.swift; sourceTree = "<group>"; };
		1F993F3D2886205500DD1A54 /* OpenChatsViewController.swift */ = {isa = PBXFileReference; lastKnownFileType = sourcecode.swift; path = OpenChatsViewController.swift; sourceTree = "<group>"; };
		1F993F402886285100DD1A54 /* schema.json */ = {isa = PBXFileReference; lastKnownFileType = text.json; name = schema.json; path = Tarrare/schema.json; sourceTree = SOURCE_ROOT; };
		1F993F4228862A6600DD1A54 /* API.swift */ = {isa = PBXFileReference; lastKnownFileType = sourcecode.swift; path = API.swift; sourceTree = "<group>"; };
		1FB83FF72878FCBD00E33667 /* MapsAPI.swift */ = {isa = PBXFileReference; lastKnownFileType = sourcecode.swift; name = MapsAPI.swift; path = Tarrare/API/MapsAPI.swift; sourceTree = "<group>"; };
		1FB83FF92879070400E33667 /* Place.swift */ = {isa = PBXFileReference; lastKnownFileType = sourcecode.swift; path = Place.swift; sourceTree = "<group>"; };
		1FB83FFD287C89F200E33667 /* LocationUILabel.swift */ = {isa = PBXFileReference; lastKnownFileType = sourcecode.swift; name = LocationUILabel.swift; path = Tarrare/CustomViews/LocationUILabel.swift; sourceTree = SOURCE_ROOT; };
		1FB84001287C9BEF00E33667 /* PlaceCell.swift */ = {isa = PBXFileReference; lastKnownFileType = sourcecode.swift; path = PlaceCell.swift; sourceTree = "<group>"; };
		1FB84007287CF6BD00E33667 /* DeliverViewController.swift */ = {isa = PBXFileReference; lastKnownFileType = sourcecode.swift; path = DeliverViewController.swift; sourceTree = "<group>"; };
		1FB84009287CFE8900E33667 /* OrderViewController.swift */ = {isa = PBXFileReference; lastKnownFileType = sourcecode.swift; path = OrderViewController.swift; sourceTree = "<group>"; };
		1FB8400D287E5E6A00E33667 /* Delivery.swift */ = {isa = PBXFileReference; lastKnownFileType = sourcecode.swift; path = Delivery.swift; sourceTree = "<group>"; };
		1FB8400F287F6EC700E33667 /* Resturant.swift */ = {isa = PBXFileReference; lastKnownFileType = sourcecode.swift; path = Resturant.swift; sourceTree = "<group>"; };
		1FB84011287F6F4600E33667 /* DeliveryBuilding.swift */ = {isa = PBXFileReference; lastKnownFileType = sourcecode.swift; path = DeliveryBuilding.swift; sourceTree = "<group>"; };
		1FB84013287F718B00E33667 /* DeliveryCell.swift */ = {isa = PBXFileReference; lastKnownFileType = sourcecode.swift; path = DeliveryCell.swift; sourceTree = "<group>"; };
		1FB84015288096ED00E33667 /* IndividualChatViewController.swift */ = {isa = PBXFileReference; lastKnownFileType = sourcecode.swift; path = IndividualChatViewController.swift; sourceTree = "<group>"; };
		1FE95A1A2874F6D300A79C77 /* Tarrare.app */ = {isa = PBXFileReference; explicitFileType = wrapper.application; includeInIndex = 0; path = Tarrare.app; sourceTree = BUILT_PRODUCTS_DIR; };
		1FE95A1D2874F6D300A79C77 /* AppDelegate.swift */ = {isa = PBXFileReference; lastKnownFileType = sourcecode.swift; path = AppDelegate.swift; sourceTree = "<group>"; };
		1FE95A1F2874F6D300A79C77 /* SceneDelegate.swift */ = {isa = PBXFileReference; lastKnownFileType = sourcecode.swift; path = SceneDelegate.swift; sourceTree = "<group>"; };
		1FE95A262874F6D300A79C77 /* Assets.xcassets */ = {isa = PBXFileReference; lastKnownFileType = folder.assetcatalog; path = Assets.xcassets; sourceTree = "<group>"; };
		1FE95A292874F6D300A79C77 /* Base */ = {isa = PBXFileReference; lastKnownFileType = file.storyboard; name = Base; path = Base.lproj/LaunchScreen.storyboard; sourceTree = "<group>"; };
		1FE95A2B2874F6D300A79C77 /* Info.plist */ = {isa = PBXFileReference; lastKnownFileType = text.plist.xml; path = Info.plist; sourceTree = "<group>"; };
		1FE95A33287640DA00A79C77 /* User.swift */ = {isa = PBXFileReference; lastKnownFileType = sourcecode.swift; path = User.swift; sourceTree = "<group>"; };
		1FE95A352876418D00A79C77 /* LoginViewController.swift */ = {isa = PBXFileReference; lastKnownFileType = sourcecode.swift; path = LoginViewController.swift; sourceTree = "<group>"; };
		1FE95A3728773D5C00A79C77 /* Extension.swift */ = {isa = PBXFileReference; lastKnownFileType = sourcecode.swift; path = Extension.swift; sourceTree = "<group>"; };
		1FE95A3B2877495000A79C77 /* InterFont.ttf */ = {isa = PBXFileReference; lastKnownFileType = file; name = InterFont.ttf; path = fonts/InterFont.ttf; sourceTree = "<group>"; };
		1FE95A3F2877575300A79C77 /* RegisterViewController.swift */ = {isa = PBXFileReference; lastKnownFileType = sourcecode.swift; path = RegisterViewController.swift; sourceTree = "<group>"; };
		1FE95A41287764E700A79C77 /* TarrareTextField.swift */ = {isa = PBXFileReference; lastKnownFileType = sourcecode.swift; name = TarrareTextField.swift; path = "Tarrare/Custom Classes/TarrareTextField.swift"; sourceTree = SOURCE_ROOT; };
		1FE95A442877880C00A79C77 /* APIManager.swift */ = {isa = PBXFileReference; lastKnownFileType = sourcecode.swift; name = APIManager.swift; path = Tarrare/APIManager.swift; sourceTree = "<group>"; };
		1FE95A4B2878A70500A79C77 /* GoogleService-Info.plist */ = {isa = PBXFileReference; fileEncoding = 4; lastKnownFileType = text.plist.xml; name = "GoogleService-Info.plist"; path = "../../../../GoogleService-Info.plist"; sourceTree = "<group>"; };
		1FE95A4D2878AFC500A79C77 /* Constants.swift */ = {isa = PBXFileReference; lastKnownFileType = sourcecode.swift; path = Constants.swift; sourceTree = "<group>"; };
		1FE95A4F2878B4CF00A79C77 /* HomeViewController.swift */ = {isa = PBXFileReference; lastKnownFileType = sourcecode.swift; path = HomeViewController.swift; sourceTree = "<group>"; };
		1FE95A512878B5AA00A79C77 /* ProfileViewController.swift */ = {isa = PBXFileReference; lastKnownFileType = sourcecode.swift; path = ProfileViewController.swift; sourceTree = "<group>"; };
		1FE95A542878B6B900A79C77 /* MainTabBarController.swift */ = {isa = PBXFileReference; lastKnownFileType = sourcecode.swift; path = MainTabBarController.swift; sourceTree = "<group>"; };
		1FE95A5A2878E99300A79C77 /* SelectLocationViewController.swift */ = {isa = PBXFileReference; lastKnownFileType = sourcecode.swift; path = SelectLocationViewController.swift; sourceTree = "<group>"; };
		1FE95A5C2878F0EC00A79C77 /* Tarrare.xcconfig */ = {isa = PBXFileReference; lastKnownFileType = text.xcconfig; path = Tarrare.xcconfig; sourceTree = "<group>"; };
		56DEEAE22CDC04411E670E42 /* Pods_Tarrare.framework */ = {isa = PBXFileReference; explicitFileType = wrapper.framework; includeInIndex = 0; path = Pods_Tarrare.framework; sourceTree = BUILT_PRODUCTS_DIR; };
		78BE217F498E1B65C89A783D /* Pods-Tarrare.debug.xcconfig */ = {isa = PBXFileReference; includeInIndex = 1; lastKnownFileType = text.xcconfig; name = "Pods-Tarrare.debug.xcconfig"; path = "Target Support Files/Pods-Tarrare/Pods-Tarrare.debug.xcconfig"; sourceTree = "<group>"; };
		8D2ACA3C21259DAE0C17BBA0 /* Pods-Tarrare.release.xcconfig */ = {isa = PBXFileReference; includeInIndex = 1; lastKnownFileType = text.xcconfig; name = "Pods-Tarrare.release.xcconfig"; path = "Target Support Files/Pods-Tarrare/Pods-Tarrare.release.xcconfig"; sourceTree = "<group>"; };
/* End PBXFileReference section */

/* Begin PBXFrameworksBuildPhase section */
		1FE95A172874F6D300A79C77 /* Frameworks */ = {
			isa = PBXFrameworksBuildPhase;
			buildActionMask = 2147483647;
			files = (
				1F2F45CF2892060500036D40 /* UIKit.framework in Frameworks */,
				1F2F45CD2892060000036D40 /* SystemConfiguration.framework in Frameworks */,
				1F2F45CB289205FB00036D40 /* QuartzCore.framework in Frameworks */,
				1F2F45C9289205F600036D40 /* OpenGLES.framework in Frameworks */,
				1F2F45D12892065500036D40 /* GooglePlaces.xcframework in Frameworks */,
				1F2F45C7289205F100036D40 /* Metal.framework in Frameworks */,
				1F2F45C5289205EC00036D40 /* libz.tbd in Frameworks */,
				1F2F45C3289205E700036D40 /* libc++.tbd in Frameworks */,
				1F2F45C1289205E100036D40 /* ImageIO.framework in Frameworks */,
				1F2F45BF289205DC00036D40 /* GLKit.framework in Frameworks */,
				1F2F45BD289205D600036D40 /* CoreText.framework in Frameworks */,
				1F2F45BB289205D200036D40 /* CoreTelephony.framework in Frameworks */,
				1F2F45B9289205CD00036D40 /* CoreLocation.framework in Frameworks */,
				1F2F45B7289205C900036D40 /* CoreImage.framework in Frameworks */,
				1F2F45B5289205C400036D40 /* CoreGraphics.framework in Frameworks */,
				1F2F45B3289205BC00036D40 /* CoreData.framework in Frameworks */,
				1F2F45B1289205B500036D40 /* Accelerate.framework in Frameworks */,
				1F2F45A92892055900036D40 /* GoogleMapsCore.xcframework in Frameworks */,
				1F2F45A72892055900036D40 /* GoogleMapsBase.xcframework in Frameworks */,
				91765C5EB86B19F52D4BC34D /* Pods_Tarrare.framework in Frameworks */,
				1F993F362885C8A200DD1A54 /* ApolloWebSocket in Frameworks */,
				1F993F342885C8A200DD1A54 /* Apollo in Frameworks */,
				1F2F45AB2892055900036D40 /* GoogleMaps.xcframework in Frameworks */,
				1F993F3A28860F4B00DD1A54 /* MessageKit in Frameworks */,
			);
			runOnlyForDeploymentPostprocessing = 0;
		};
/* End PBXFrameworksBuildPhase section */

/* Begin PBXGroup section */
		1F2F45DC2892FF8B00036D40 /* Messaging */ = {
			isa = PBXGroup;
			children = (
				1F2F45DD2892FF8B00036D40 /* CreateMessage.graphql */,
				1F2F45DE2892FF8B00036D40 /* GetUserConversations.graphql */,
				1F2F45DF2892FF8B00036D40 /* MessageListen.graphql */,
				1F2F45E02892FF8B00036D40 /* GetConversation.graphql */,
			);
			path = Messaging;
			sourceTree = "<group>";
		};
		1F2F45E12892FF8C00036D40 /* User */ = {
			isa = PBXGroup;
			children = (
				1F2F45E22892FF8C00036D40 /* LoginUser.graphql */,
				1F2F45E32892FF8C00036D40 /* RegisterUser.graphql */,
			);
			path = User;
			sourceTree = "<group>";
		};
		1F2F45E42892FF8D00036D40 /* Delivery_Order */ = {
			isa = PBXGroup;
			children = (
				1F2F45E52892FF8D00036D40 /* DeclineMatch.graphql */,
				1F2F45E62892FF8D00036D40 /* NewMatchListen.graphql */,
				1F2F45E72892FF8D00036D40 /* AllDeliveries.graphql */,
				1F2F45E82892FF8D00036D40 /* GetUserDelivery.graphql */,
				1F2F45E92892FF8D00036D40 /* GetUserOrder.graphql */,
				1F2F45EA2892FF8D00036D40 /* AcceptMatch.graphql */,
				1F2F45EB2892FF8D00036D40 /* UpsertDelivery.graphql */,
				1F2F45EC2892FF8D00036D40 /* CancelOrder.graphql */,
				1F2F45ED2892FF8D00036D40 /* UpsertOrder.graphql */,
				1F2F45EE2892FF8D00036D40 /* CreatePlace.graphql */,
				1F2F45EF2892FF8D00036D40 /* CancelDelivery.graphql */,
				1F634DF9289301E300D027AD /* GetAllActiveRestaurants.graphql */,
				1F634DFD28934B2300D027AD /* GetActiveDeliveries.graphql */,
			);
			path = Delivery_Order;
			sourceTree = "<group>";
		};
		1FB83FFC287C89B700E33667 /* Custom Classes */ = {
			isa = PBXGroup;
			children = (
				1FE95A41287764E700A79C77 /* TarrareTextField.swift */,
				1FB83FFD287C89F200E33667 /* LocationUILabel.swift */,
				1FB84001287C9BEF00E33667 /* PlaceCell.swift */,
				1FB84013287F718B00E33667 /* DeliveryCell.swift */,
				1F2F45A22891EDF500036D40 /* ConvoCell.swift */,
				1F2F45DA28920F7900036D40 /* RestaurantCell.swift */,
			);
			path = "Custom Classes";
			sourceTree = "<group>";
		};
		1FB840322883A4BD00E33667 /* GraphQL */ = {
			isa = PBXGroup;
			children = (
				1F2F45E42892FF8D00036D40 /* Delivery_Order */,
				1F2F45F02892FF8D00036D40 /* Fragments.graphql */,
				1F2F45DC2892FF8B00036D40 /* Messaging */,
				1F2F45E12892FF8C00036D40 /* User */,
			);
			path = GraphQL;
			sourceTree = "<group>";
		};
		1FE95A112874F6D300A79C77 = {
			isa = PBXGroup;
			children = (
				1F2F45D62892069400036D40 /* GooglePlaces.bundle */,
				1F2F45AE2892059800036D40 /* GoogleMaps.bundle */,
				1FE95A1C2874F6D300A79C77 /* Tarrare */,
				1FE95A1B2874F6D300A79C77 /* Products */,
				29BEBD6942A6B0E73F7D5E3D /* Pods */,
				2DD0750CED20CD38FE65F260 /* Frameworks */,
			);
			sourceTree = "<group>";
		};
		1FE95A1B2874F6D300A79C77 /* Products */ = {
			isa = PBXGroup;
			children = (
				1FE95A1A2874F6D300A79C77 /* Tarrare.app */,
			);
			name = Products;
			sourceTree = "<group>";
		};
		1FE95A1C2874F6D300A79C77 /* Tarrare */ = {
			isa = PBXGroup;
			children = (
				1F993F4228862A6600DD1A54 /* API.swift */,
				1F993F402886285100DD1A54 /* schema.json */,
				1FB840322883A4BD00E33667 /* GraphQL */,
				1FE95A4D2878AFC500A79C77 /* Constants.swift */,
				1FE95A3728773D5C00A79C77 /* Extension.swift */,
				1FE95A1D2874F6D300A79C77 /* AppDelegate.swift */,
				1FE95A1F2874F6D300A79C77 /* SceneDelegate.swift */,
				1FE95A5C2878F0EC00A79C77 /* Tarrare.xcconfig */,
				1FB83FFC287C89B700E33667 /* Custom Classes */,
				1FE95A43287787EE00A79C77 /* API */,
				1FE95A322874F8BB00A79C77 /* Models */,
				1FE95A532878B68000A79C77 /* Tab Controllers */,
				1FE95A312874F89C00A79C77 /* View Controllers */,
				1FE95A262874F6D300A79C77 /* Assets.xcassets */,
				1FE95A282874F6D300A79C77 /* LaunchScreen.storyboard */,
				1FE95A2B2874F6D300A79C77 /* Info.plist */,
				1FE95A4B2878A70500A79C77 /* GoogleService-Info.plist */,
				1FE95A3B2877495000A79C77 /* InterFont.ttf */,
			);
			path = Tarrare;
			sourceTree = "<group>";
		};
		1FE95A312874F89C00A79C77 /* View Controllers */ = {
			isa = PBXGroup;
			children = (
				1F2F45A02891EDCB00036D40 /* NewOfferViewController.swift */,
				1F2F459C2891EDA000036D40 /* AppLoadingViewController.swift */,
				1FE95A352876418D00A79C77 /* LoginViewController.swift */,
				1FE95A3F2877575300A79C77 /* RegisterViewController.swift */,
				1FE95A4F2878B4CF00A79C77 /* HomeViewController.swift */,
				1FE95A512878B5AA00A79C77 /* ProfileViewController.swift */,
				1FE95A5A2878E99300A79C77 /* SelectLocationViewController.swift */,
				1FB84007287CF6BD00E33667 /* DeliverViewController.swift */,
				1FB84009287CFE8900E33667 /* OrderViewController.swift */,
				1FB84015288096ED00E33667 /* IndividualChatViewController.swift */,
				1F993F3D2886205500DD1A54 /* OpenChatsViewController.swift */,
				1F2F45D828920A5F00036D40 /* OrderScreenRestaurantsViewController.swift */,
				1F634DFB2893181900D027AD /* RestaurantDeliveriesViewController.swift */,
			);
			path = "View Controllers";
			sourceTree = "<group>";
		};
		1FE95A322874F8BB00A79C77 /* Models */ = {
			isa = PBXGroup;
			children = (
				1F2F459E2891EDC000036D40 /* Order.swift */,
				1F2F459A2891ED7900036D40 /* Conversation.swift */,
				1F2F45982891ED7000036D40 /* Match.swift */,
				1FE95A33287640DA00A79C77 /* User.swift */,
				1FB83FF92879070400E33667 /* Place.swift */,
				1FB8400D287E5E6A00E33667 /* Delivery.swift */,
				1FB8400F287F6EC700E33667 /* Resturant.swift */,
				1FB84011287F6F4600E33667 /* DeliveryBuilding.swift */,
				1F993F3B2886195800DD1A54 /* Message.swift */,
			);
			path = Models;
			sourceTree = "<group>";
		};
		1FE95A43287787EE00A79C77 /* API */ = {
			isa = PBXGroup;
			children = (
				1FE95A442877880C00A79C77 /* APIManager.swift */,
				1FB83FF72878FCBD00E33667 /* MapsAPI.swift */,
			);
			name = API;
			path = ..;
			sourceTree = "<group>";
		};
		1FE95A532878B68000A79C77 /* Tab Controllers */ = {
			isa = PBXGroup;
			children = (
				1FE95A542878B6B900A79C77 /* MainTabBarController.swift */,
			);
			path = "Tab Controllers";
			sourceTree = "<group>";
		};
		29BEBD6942A6B0E73F7D5E3D /* Pods */ = {
			isa = PBXGroup;
			children = (
				78BE217F498E1B65C89A783D /* Pods-Tarrare.debug.xcconfig */,
				8D2ACA3C21259DAE0C17BBA0 /* Pods-Tarrare.release.xcconfig */,
			);
			path = Pods;
			sourceTree = "<group>";
		};
		2DD0750CED20CD38FE65F260 /* Frameworks */ = {
			isa = PBXGroup;
			children = (
				1F2F45D02892065500036D40 /* GooglePlaces.xcframework */,
				1F2F45CE2892060400036D40 /* UIKit.framework */,
				1F2F45CC2892060000036D40 /* SystemConfiguration.framework */,
				1F2F45CA289205FB00036D40 /* QuartzCore.framework */,
				1F2F45C8289205F600036D40 /* OpenGLES.framework */,
				1F2F45C6289205F100036D40 /* Metal.framework */,
				1F2F45C4289205EC00036D40 /* libz.tbd */,
				1F2F45C2289205E700036D40 /* libc++.tbd */,
				1F2F45C0289205E100036D40 /* ImageIO.framework */,
				1F2F45BE289205DC00036D40 /* GLKit.framework */,
				1F2F45BC289205D600036D40 /* CoreText.framework */,
				1F2F45BA289205D200036D40 /* CoreTelephony.framework */,
				1F2F45B8289205CD00036D40 /* CoreLocation.framework */,
				1F2F45B6289205C900036D40 /* CoreImage.framework */,
				1F2F45B4289205C400036D40 /* CoreGraphics.framework */,
				1F2F45B2289205BC00036D40 /* CoreData.framework */,
				1F2F45B0289205B500036D40 /* Accelerate.framework */,
				1F2F45A62892055900036D40 /* GoogleMaps.xcframework */,
				1F2F45A42892055900036D40 /* GoogleMapsBase.xcframework */,
				1F2F45A52892055900036D40 /* GoogleMapsCore.xcframework */,
				56DEEAE22CDC04411E670E42 /* Pods_Tarrare.framework */,
			);
			name = Frameworks;
			sourceTree = "<group>";
		};
/* End PBXGroup section */

/* Begin PBXNativeTarget section */
		1FE95A192874F6D300A79C77 /* Tarrare */ = {
			isa = PBXNativeTarget;
			buildConfigurationList = 1FE95A2E2874F6D300A79C77 /* Build configuration list for PBXNativeTarget "Tarrare" */;
			buildPhases = (
				740BAAB72E743AD031DEF1E7 /* [CP] Check Pods Manifest.lock */,
				1FB8402128820F1900E33667 /* Apollo */,
				1FE95A162874F6D300A79C77 /* Sources */,
				1FE95A172874F6D300A79C77 /* Frameworks */,
				1FE95A182874F6D300A79C77 /* Resources */,
				F057601BE5BE5FF4D6C2011F /* [CP] Embed Pods Frameworks */,
			);
			buildRules = (
			);
			dependencies = (
			);
			name = Tarrare;
			packageProductDependencies = (
				1F993F332885C8A200DD1A54 /* Apollo */,
				1F993F352885C8A200DD1A54 /* ApolloWebSocket */,
				1F993F3928860F4B00DD1A54 /* MessageKit */,
			);
			productName = Tarrare;
			productReference = 1FE95A1A2874F6D300A79C77 /* Tarrare.app */;
			productType = "com.apple.product-type.application";
		};
/* End PBXNativeTarget section */

/* Begin PBXProject section */
		1FE95A122874F6D300A79C77 /* Project object */ = {
			isa = PBXProject;
			attributes = {
				BuildIndependentTargetsInParallel = 1;
				LastSwiftUpdateCheck = 1340;
				LastUpgradeCheck = 1340;
				TargetAttributes = {
					1FE95A192874F6D300A79C77 = {
						CreatedOnToolsVersion = 13.4.1;
					};
				};
			};
			buildConfigurationList = 1FE95A152874F6D300A79C77 /* Build configuration list for PBXProject "Tarrare" */;
			compatibilityVersion = "Xcode 13.0";
			developmentRegion = en;
			hasScannedForEncodings = 0;
			knownRegions = (
				en,
				Base,
			);
			mainGroup = 1FE95A112874F6D300A79C77;
			packageReferences = (
				1F993F322885C8A200DD1A54 /* XCRemoteSwiftPackageReference "apollo-ios" */,
				1F993F3828860F4B00DD1A54 /* XCRemoteSwiftPackageReference "MessageKit" */,
			);
			productRefGroup = 1FE95A1B2874F6D300A79C77 /* Products */;
			projectDirPath = "";
			projectRoot = "";
			targets = (
				1FE95A192874F6D300A79C77 /* Tarrare */,
			);
		};
/* End PBXProject section */

/* Begin PBXResourcesBuildPhase section */
		1FE95A182874F6D300A79C77 /* Resources */ = {
			isa = PBXResourcesBuildPhase;
			buildActionMask = 2147483647;
			files = (
				1FE95A2A2874F6D300A79C77 /* LaunchScreen.storyboard in Resources */,
				1F2F45F72892FF8D00036D40 /* DeclineMatch.graphql in Resources */,
				1F634DFA289301E300D027AD /* GetAllActiveRestaurants.graphql in Resources */,
				1F2F45F42892FF8D00036D40 /* GetConversation.graphql in Resources */,
				1F2F45F32892FF8D00036D40 /* MessageListen.graphql in Resources */,
				1F2F45FB2892FF8D00036D40 /* GetUserOrder.graphql in Resources */,
				1F2F46002892FF8D00036D40 /* CreatePlace.graphql in Resources */,
				1F2F45F12892FF8D00036D40 /* CreateMessage.graphql in Resources */,
				1FE95A4C2878A70500A79C77 /* GoogleService-Info.plist in Resources */,
				1F2F45F92892FF8D00036D40 /* AllDeliveries.graphql in Resources */,
				1F634DFE28934B2300D027AD /* GetActiveDeliveries.graphql in Resources */,
				1F2F45FA2892FF8D00036D40 /* GetUserDelivery.graphql in Resources */,
				1F2F45F62892FF8D00036D40 /* RegisterUser.graphql in Resources */,
				1F2F45FE2892FF8D00036D40 /* CancelOrder.graphql in Resources */,
				1F2F46012892FF8D00036D40 /* CancelDelivery.graphql in Resources */,
				1F2F46022892FF8D00036D40 /* Fragments.graphql in Resources */,
				1F2F45F82892FF8D00036D40 /* NewMatchListen.graphql in Resources */,
				1FE95A272874F6D300A79C77 /* Assets.xcassets in Resources */,
				1F2F45F52892FF8D00036D40 /* LoginUser.graphql in Resources */,
				1F2F45FD2892FF8D00036D40 /* UpsertDelivery.graphql in Resources */,
				1F2F45FF2892FF8D00036D40 /* UpsertOrder.graphql in Resources */,
				1FE95A3C2877495000A79C77 /* InterFont.ttf in Resources */,
				1F2F45D72892069400036D40 /* GooglePlaces.bundle in Resources */,
				1F2F45F22892FF8D00036D40 /* GetUserConversations.graphql in Resources */,
				1F2F45AF2892059800036D40 /* GoogleMaps.bundle in Resources */,
				1F2F45FC2892FF8D00036D40 /* AcceptMatch.graphql in Resources */,
			);
			runOnlyForDeploymentPostprocessing = 0;
		};
/* End PBXResourcesBuildPhase section */

/* Begin PBXShellScriptBuildPhase section */
		1FB8402128820F1900E33667 /* Apollo */ = {
			isa = PBXShellScriptBuildPhase;
			buildActionMask = 2147483647;
			files = (
			);
			inputFileListPaths = (
			);
			inputPaths = (
			);
			name = Apollo;
			outputFileListPaths = (
			);
			outputPaths = (
			);
			runOnlyForDeploymentPostprocessing = 0;
			shellPath = /bin/sh;
			shellScript = "# Don't run this during index builds\nif [ $ACTION = \"indexbuild\" ]; then exit 0; fi\n\n# Go to the build root and search up the chain to find the Derived Data Path where the source packages are checked out.\nDERIVED_DATA_CANDIDATE=\"${BUILD_ROOT}\"\nwhile ! [ -d \"${DERIVED_DATA_CANDIDATE}/SourcePackages\" ]; do\n  if [ \"${DERIVED_DATA_CANDIDATE}\" = / ]; then\n    echo >&2 \"error: Unable to locate SourcePackages directory from BUILD_ROOT: '${BUILD_ROOT}'\"\n    exit 1\n  fi\n\n  DERIVED_DATA_CANDIDATE=\"$(dirname \"${DERIVED_DATA_CANDIDATE}\")\"\ndone\n\n# Grab a reference to the directory where scripts are checked out\nSCRIPT_PATH=\"${DERIVED_DATA_CANDIDATE}/SourcePackages/checkouts/apollo-ios/scripts\"\n\nif [ -z \"${SCRIPT_PATH}\" ]; then\n    echo >&2 \"error: Couldn't find the CLI script in your checked out SPM packages; make sure to add the framework to your project.\"\n    exit 1\nfi\n\ncd \"${SRCROOT}/${TARGET_NAME}\"\n\"${SCRIPT_PATH}\"/run-bundled-codegen.sh codegen:generate --target=swift --includes=./**/*.graphql --localSchemaFile=\"schema.json\" API.swift\n#\"${SCRIPT_PATH}\"/run-bundled-codegen.sh schema:download --endpoint=\"http://localhost:62528/graphql\"\n\n";
		};
		740BAAB72E743AD031DEF1E7 /* [CP] Check Pods Manifest.lock */ = {
			isa = PBXShellScriptBuildPhase;
			buildActionMask = 2147483647;
			files = (
			);
			inputFileListPaths = (
			);
			inputPaths = (
				"${PODS_PODFILE_DIR_PATH}/Podfile.lock",
				"${PODS_ROOT}/Manifest.lock",
			);
			name = "[CP] Check Pods Manifest.lock";
			outputFileListPaths = (
			);
			outputPaths = (
				"$(DERIVED_FILE_DIR)/Pods-Tarrare-checkManifestLockResult.txt",
			);
			runOnlyForDeploymentPostprocessing = 0;
			shellPath = /bin/sh;
			shellScript = "diff \"${PODS_PODFILE_DIR_PATH}/Podfile.lock\" \"${PODS_ROOT}/Manifest.lock\" > /dev/null\nif [ $? != 0 ] ; then\n    # print error to STDERR\n    echo \"error: The sandbox is not in sync with the Podfile.lock. Run 'pod install' or update your CocoaPods installation.\" >&2\n    exit 1\nfi\n# This output is used by Xcode 'outputs' to avoid re-running this script phase.\necho \"SUCCESS\" > \"${SCRIPT_OUTPUT_FILE_0}\"\n";
			showEnvVarsInLog = 0;
		};
		F057601BE5BE5FF4D6C2011F /* [CP] Embed Pods Frameworks */ = {
			isa = PBXShellScriptBuildPhase;
			buildActionMask = 2147483647;
			files = (
			);
			inputFileListPaths = (
				"${PODS_ROOT}/Target Support Files/Pods-Tarrare/Pods-Tarrare-frameworks-${CONFIGURATION}-input-files.xcfilelist",
			);
			name = "[CP] Embed Pods Frameworks";
			outputFileListPaths = (
				"${PODS_ROOT}/Target Support Files/Pods-Tarrare/Pods-Tarrare-frameworks-${CONFIGURATION}-output-files.xcfilelist",
			);
			runOnlyForDeploymentPostprocessing = 0;
			shellPath = /bin/sh;
			shellScript = "\"${PODS_ROOT}/Target Support Files/Pods-Tarrare/Pods-Tarrare-frameworks.sh\"\n";
			showEnvVarsInLog = 0;
		};
/* End PBXShellScriptBuildPhase section */

/* Begin PBXSourcesBuildPhase section */
		1FE95A162874F6D300A79C77 /* Sources */ = {
			isa = PBXSourcesBuildPhase;
			buildActionMask = 2147483647;
			files = (
				1FE95A34287640DA00A79C77 /* User.swift in Sources */,
				1FB83FFE287C89F200E33667 /* LocationUILabel.swift in Sources */,
				1F2F459B2891ED7900036D40 /* Conversation.swift in Sources */,
				1F2F459D2891EDA000036D40 /* AppLoadingViewController.swift in Sources */,
				1F634DFC2893181900D027AD /* RestaurantDeliveriesViewController.swift in Sources */,
				1FE95A4E2878AFC500A79C77 /* Constants.swift in Sources */,
				1FB8400E287E5E6A00E33667 /* Delivery.swift in Sources */,
				1FB83FF82878FCBD00E33667 /* MapsAPI.swift in Sources */,
				1F993F3E2886205500DD1A54 /* OpenChatsViewController.swift in Sources */,
				1F2F45D928920A5F00036D40 /* OrderScreenRestaurantsViewController.swift in Sources */,
				1FE95A1E2874F6D300A79C77 /* AppDelegate.swift in Sources */,
				1F2F459F2891EDC000036D40 /* Order.swift in Sources */,
				1F993F4328862A8100DD1A54 /* API.swift in Sources */,
				1FE95A452877880C00A79C77 /* APIManager.swift in Sources */,
				1FE95A42287764E700A79C77 /* TarrareTextField.swift in Sources */,
				1FE95A402877575300A79C77 /* RegisterViewController.swift in Sources */,
				1FB84002287C9BEF00E33667 /* PlaceCell.swift in Sources */,
				1FB84010287F6EC700E33667 /* Resturant.swift in Sources */,
				1FE95A5B2878E99300A79C77 /* SelectLocationViewController.swift in Sources */,
				1FE95A3828773D5C00A79C77 /* Extension.swift in Sources */,
				1F2F45A12891EDCC00036D40 /* NewOfferViewController.swift in Sources */,
				1F2F45DB28920F7A00036D40 /* RestaurantCell.swift in Sources */,
				1F2F45A32891EDF500036D40 /* ConvoCell.swift in Sources */,
				1FB8400A287CFE8900E33667 /* OrderViewController.swift in Sources */,
				1FE95A362876418D00A79C77 /* LoginViewController.swift in Sources */,
				1FB84016288096ED00E33667 /* IndividualChatViewController.swift in Sources */,
				1FB84014287F718B00E33667 /* DeliveryCell.swift in Sources */,
				1FE95A552878B6B900A79C77 /* MainTabBarController.swift in Sources */,
				1FE95A522878B5AA00A79C77 /* ProfileViewController.swift in Sources */,
				1F993F3C2886195800DD1A54 /* Message.swift in Sources */,
				1FB84012287F6F4600E33667 /* DeliveryBuilding.swift in Sources */,
				1FB84008287CF6BD00E33667 /* DeliverViewController.swift in Sources */,
				1FB83FFA2879070400E33667 /* Place.swift in Sources */,
				1FE95A202874F6D300A79C77 /* SceneDelegate.swift in Sources */,
				1FE95A502878B4CF00A79C77 /* HomeViewController.swift in Sources */,
				1F2F45992891ED7000036D40 /* Match.swift in Sources */,
			);
			runOnlyForDeploymentPostprocessing = 0;
		};
/* End PBXSourcesBuildPhase section */

/* Begin PBXVariantGroup section */
		1FE95A282874F6D300A79C77 /* LaunchScreen.storyboard */ = {
			isa = PBXVariantGroup;
			children = (
				1FE95A292874F6D300A79C77 /* Base */,
			);
			name = LaunchScreen.storyboard;
			sourceTree = "<group>";
		};
/* End PBXVariantGroup section */

/* Begin XCBuildConfiguration section */
		1FE95A2C2874F6D300A79C77 /* Debug */ = {
			isa = XCBuildConfiguration;
			baseConfigurationReference = 1FE95A5C2878F0EC00A79C77 /* Tarrare.xcconfig */;
			buildSettings = {
				ALWAYS_SEARCH_USER_PATHS = NO;
				CLANG_ANALYZER_NONNULL = YES;
				CLANG_ANALYZER_NUMBER_OBJECT_CONVERSION = YES_AGGRESSIVE;
				CLANG_CXX_LANGUAGE_STANDARD = "gnu++17";
				CLANG_ENABLE_MODULES = YES;
				CLANG_ENABLE_OBJC_ARC = YES;
				CLANG_ENABLE_OBJC_WEAK = YES;
				CLANG_WARN_BLOCK_CAPTURE_AUTORELEASING = YES;
				CLANG_WARN_BOOL_CONVERSION = YES;
				CLANG_WARN_COMMA = YES;
				CLANG_WARN_CONSTANT_CONVERSION = YES;
				CLANG_WARN_DEPRECATED_OBJC_IMPLEMENTATIONS = YES;
				CLANG_WARN_DIRECT_OBJC_ISA_USAGE = YES_ERROR;
				CLANG_WARN_DOCUMENTATION_COMMENTS = YES;
				CLANG_WARN_EMPTY_BODY = YES;
				CLANG_WARN_ENUM_CONVERSION = YES;
				CLANG_WARN_INFINITE_RECURSION = YES;
				CLANG_WARN_INT_CONVERSION = YES;
				CLANG_WARN_NON_LITERAL_NULL_CONVERSION = YES;
				CLANG_WARN_OBJC_IMPLICIT_RETAIN_SELF = YES;
				CLANG_WARN_OBJC_LITERAL_CONVERSION = YES;
				CLANG_WARN_OBJC_ROOT_CLASS = YES_ERROR;
				CLANG_WARN_QUOTED_INCLUDE_IN_FRAMEWORK_HEADER = YES;
				CLANG_WARN_RANGE_LOOP_ANALYSIS = YES;
				CLANG_WARN_STRICT_PROTOTYPES = YES;
				CLANG_WARN_SUSPICIOUS_MOVE = YES;
				CLANG_WARN_UNGUARDED_AVAILABILITY = YES_AGGRESSIVE;
				CLANG_WARN_UNREACHABLE_CODE = YES;
				CLANG_WARN__DUPLICATE_METHOD_MATCH = YES;
				COPY_PHASE_STRIP = NO;
				DEBUG_INFORMATION_FORMAT = dwarf;
				ENABLE_STRICT_OBJC_MSGSEND = YES;
				ENABLE_TESTABILITY = YES;
				GCC_C_LANGUAGE_STANDARD = gnu11;
				GCC_DYNAMIC_NO_PIC = NO;
				GCC_NO_COMMON_BLOCKS = YES;
				GCC_OPTIMIZATION_LEVEL = 0;
				GCC_PREPROCESSOR_DEFINITIONS = (
					"DEBUG=1",
					"$(inherited)",
				);
				GCC_WARN_64_TO_32_BIT_CONVERSION = YES;
				GCC_WARN_ABOUT_RETURN_TYPE = YES_ERROR;
				GCC_WARN_UNDECLARED_SELECTOR = YES;
				GCC_WARN_UNINITIALIZED_AUTOS = YES_AGGRESSIVE;
				GCC_WARN_UNUSED_FUNCTION = YES;
				GCC_WARN_UNUSED_VARIABLE = YES;
				IPHONEOS_DEPLOYMENT_TARGET = 15.5;
				MTL_ENABLE_DEBUG_INFO = INCLUDE_SOURCE;
				MTL_FAST_MATH = YES;
				ONLY_ACTIVE_ARCH = YES;
				OTHER_LDFLAGS = "-ObjC";
				SDKROOT = iphoneos;
				SWIFT_ACTIVE_COMPILATION_CONDITIONS = DEBUG;
				SWIFT_OPTIMIZATION_LEVEL = "-Onone";
			};
			name = Debug;
		};
		1FE95A2D2874F6D300A79C77 /* Release */ = {
			isa = XCBuildConfiguration;
			baseConfigurationReference = 1FE95A5C2878F0EC00A79C77 /* Tarrare.xcconfig */;
			buildSettings = {
				ALWAYS_SEARCH_USER_PATHS = NO;
				CLANG_ANALYZER_NONNULL = YES;
				CLANG_ANALYZER_NUMBER_OBJECT_CONVERSION = YES_AGGRESSIVE;
				CLANG_CXX_LANGUAGE_STANDARD = "gnu++17";
				CLANG_ENABLE_MODULES = YES;
				CLANG_ENABLE_OBJC_ARC = YES;
				CLANG_ENABLE_OBJC_WEAK = YES;
				CLANG_WARN_BLOCK_CAPTURE_AUTORELEASING = YES;
				CLANG_WARN_BOOL_CONVERSION = YES;
				CLANG_WARN_COMMA = YES;
				CLANG_WARN_CONSTANT_CONVERSION = YES;
				CLANG_WARN_DEPRECATED_OBJC_IMPLEMENTATIONS = YES;
				CLANG_WARN_DIRECT_OBJC_ISA_USAGE = YES_ERROR;
				CLANG_WARN_DOCUMENTATION_COMMENTS = YES;
				CLANG_WARN_EMPTY_BODY = YES;
				CLANG_WARN_ENUM_CONVERSION = YES;
				CLANG_WARN_INFINITE_RECURSION = YES;
				CLANG_WARN_INT_CONVERSION = YES;
				CLANG_WARN_NON_LITERAL_NULL_CONVERSION = YES;
				CLANG_WARN_OBJC_IMPLICIT_RETAIN_SELF = YES;
				CLANG_WARN_OBJC_LITERAL_CONVERSION = YES;
				CLANG_WARN_OBJC_ROOT_CLASS = YES_ERROR;
				CLANG_WARN_QUOTED_INCLUDE_IN_FRAMEWORK_HEADER = YES;
				CLANG_WARN_RANGE_LOOP_ANALYSIS = YES;
				CLANG_WARN_STRICT_PROTOTYPES = YES;
				CLANG_WARN_SUSPICIOUS_MOVE = YES;
				CLANG_WARN_UNGUARDED_AVAILABILITY = YES_AGGRESSIVE;
				CLANG_WARN_UNREACHABLE_CODE = YES;
				CLANG_WARN__DUPLICATE_METHOD_MATCH = YES;
				COPY_PHASE_STRIP = NO;
				DEBUG_INFORMATION_FORMAT = "dwarf-with-dsym";
				ENABLE_NS_ASSERTIONS = NO;
				ENABLE_STRICT_OBJC_MSGSEND = YES;
				GCC_C_LANGUAGE_STANDARD = gnu11;
				GCC_NO_COMMON_BLOCKS = YES;
				GCC_WARN_64_TO_32_BIT_CONVERSION = YES;
				GCC_WARN_ABOUT_RETURN_TYPE = YES_ERROR;
				GCC_WARN_UNDECLARED_SELECTOR = YES;
				GCC_WARN_UNINITIALIZED_AUTOS = YES_AGGRESSIVE;
				GCC_WARN_UNUSED_FUNCTION = YES;
				GCC_WARN_UNUSED_VARIABLE = YES;
				IPHONEOS_DEPLOYMENT_TARGET = 15.5;
				MTL_ENABLE_DEBUG_INFO = NO;
				MTL_FAST_MATH = YES;
				ONLY_ACTIVE_ARCH = YES;
				OTHER_LDFLAGS = "-ObjC";
				SDKROOT = iphoneos;
				SWIFT_COMPILATION_MODE = wholemodule;
				SWIFT_OPTIMIZATION_LEVEL = "-O";
				VALIDATE_PRODUCT = YES;
			};
			name = Release;
		};
		1FE95A2F2874F6D300A79C77 /* Debug */ = {
			isa = XCBuildConfiguration;
			baseConfigurationReference = 78BE217F498E1B65C89A783D /* Pods-Tarrare.debug.xcconfig */;
			buildSettings = {
				ALLOW_TARGET_PLATFORM_SPECIALIZATION = NO;
				ASSETCATALOG_COMPILER_APPICON_NAME = AppIcon;
				ASSETCATALOG_COMPILER_GLOBAL_ACCENT_COLOR_NAME = AccentColor;
				CODE_SIGN_STYLE = Automatic;
				CURRENT_PROJECT_VERSION = 1;
				DEVELOPMENT_TEAM = 454EU8SVK2;
				"EXCLUDED_ARCHS[sdk=iphonesimulator*]" = "";
				GENERATE_INFOPLIST_FILE = YES;
				INFOPLIST_FILE = Tarrare/Info.plist;
				INFOPLIST_KEY_UIApplicationSupportsIndirectInputEvents = YES;
				INFOPLIST_KEY_UILaunchStoryboardName = LaunchScreen;
				INFOPLIST_KEY_UISupportedInterfaceOrientations_iPad = "UIInterfaceOrientationPortrait UIInterfaceOrientationPortraitUpsideDown UIInterfaceOrientationLandscapeLeft UIInterfaceOrientationLandscapeRight";
				INFOPLIST_KEY_UISupportedInterfaceOrientations_iPhone = "UIInterfaceOrientationPortrait UIInterfaceOrientationLandscapeLeft UIInterfaceOrientationLandscapeRight";
				LD_RUNPATH_SEARCH_PATHS = (
					"$(inherited)",
					"@executable_path/Frameworks",
				);
				MARKETING_VERSION = 1.0;
				ONLY_ACTIVE_ARCH = YES;
				PRODUCT_BUNDLE_IDENTIFIER = com.rashadp.Tarrare;
				PRODUCT_NAME = "$(TARGET_NAME)";
				SWIFT_EMIT_LOC_STRINGS = YES;
				SWIFT_VERSION = 5.0;
				TARGETED_DEVICE_FAMILY = "1,2";
				VALIDATE_WORKSPACE = YES;
			};
			name = Debug;
		};
		1FE95A302874F6D300A79C77 /* Release */ = {
			isa = XCBuildConfiguration;
			baseConfigurationReference = 8D2ACA3C21259DAE0C17BBA0 /* Pods-Tarrare.release.xcconfig */;
			buildSettings = {
				ALLOW_TARGET_PLATFORM_SPECIALIZATION = NO;
				ASSETCATALOG_COMPILER_APPICON_NAME = AppIcon;
				ASSETCATALOG_COMPILER_GLOBAL_ACCENT_COLOR_NAME = AccentColor;
				CODE_SIGN_STYLE = Automatic;
				CURRENT_PROJECT_VERSION = 1;
				DEVELOPMENT_TEAM = 454EU8SVK2;
				"EXCLUDED_ARCHS[sdk=iphonesimulator*]" = "";
				GENERATE_INFOPLIST_FILE = YES;
				INFOPLIST_FILE = Tarrare/Info.plist;
				INFOPLIST_KEY_UIApplicationSupportsIndirectInputEvents = YES;
				INFOPLIST_KEY_UILaunchStoryboardName = LaunchScreen;
				INFOPLIST_KEY_UISupportedInterfaceOrientations_iPad = "UIInterfaceOrientationPortrait UIInterfaceOrientationPortraitUpsideDown UIInterfaceOrientationLandscapeLeft UIInterfaceOrientationLandscapeRight";
				INFOPLIST_KEY_UISupportedInterfaceOrientations_iPhone = "UIInterfaceOrientationPortrait UIInterfaceOrientationLandscapeLeft UIInterfaceOrientationLandscapeRight";
				LD_RUNPATH_SEARCH_PATHS = (
					"$(inherited)",
					"@executable_path/Frameworks",
				);
				MARKETING_VERSION = 1.0;
				ONLY_ACTIVE_ARCH = YES;
				PRODUCT_BUNDLE_IDENTIFIER = com.rashadp.Tarrare;
				PRODUCT_NAME = "$(TARGET_NAME)";
				SWIFT_EMIT_LOC_STRINGS = YES;
				SWIFT_VERSION = 5.0;
				TARGETED_DEVICE_FAMILY = "1,2";
				VALIDATE_WORKSPACE = YES;
			};
			name = Release;
		};
/* End XCBuildConfiguration section */

/* Begin XCConfigurationList section */
		1FE95A152874F6D300A79C77 /* Build configuration list for PBXProject "Tarrare" */ = {
			isa = XCConfigurationList;
			buildConfigurations = (
				1FE95A2C2874F6D300A79C77 /* Debug */,
				1FE95A2D2874F6D300A79C77 /* Release */,
			);
			defaultConfigurationIsVisible = 0;
			defaultConfigurationName = Release;
		};
		1FE95A2E2874F6D300A79C77 /* Build configuration list for PBXNativeTarget "Tarrare" */ = {
			isa = XCConfigurationList;
			buildConfigurations = (
				1FE95A2F2874F6D300A79C77 /* Debug */,
				1FE95A302874F6D300A79C77 /* Release */,
			);
			defaultConfigurationIsVisible = 0;
			defaultConfigurationName = Release;
		};
/* End XCConfigurationList section */

/* Begin XCRemoteSwiftPackageReference section */
		1F993F322885C8A200DD1A54 /* XCRemoteSwiftPackageReference "apollo-ios" */ = {
			isa = XCRemoteSwiftPackageReference;
			repositoryURL = "https://github.com/apollographql/apollo-ios";
			requirement = {
				branch = main;
				kind = branch;
			};
		};
		1F993F3828860F4B00DD1A54 /* XCRemoteSwiftPackageReference "MessageKit" */ = {
			isa = XCRemoteSwiftPackageReference;
			repositoryURL = "https://github.com/MessageKit/MessageKit";
			requirement = {
				kind = upToNextMajorVersion;
				minimumVersion = 3.0.0;
			};
		};
/* End XCRemoteSwiftPackageReference section */

/* Begin XCSwiftPackageProductDependency section */
		1F993F332885C8A200DD1A54 /* Apollo */ = {
			isa = XCSwiftPackageProductDependency;
			package = 1F993F322885C8A200DD1A54 /* XCRemoteSwiftPackageReference "apollo-ios" */;
			productName = Apollo;
		};
		1F993F352885C8A200DD1A54 /* ApolloWebSocket */ = {
			isa = XCSwiftPackageProductDependency;
			package = 1F993F322885C8A200DD1A54 /* XCRemoteSwiftPackageReference "apollo-ios" */;
			productName = ApolloWebSocket;
		};
		1F993F3928860F4B00DD1A54 /* MessageKit */ = {
			isa = XCSwiftPackageProductDependency;
			package = 1F993F3828860F4B00DD1A54 /* XCRemoteSwiftPackageReference "MessageKit" */;
			productName = MessageKit;
		};
/* End XCSwiftPackageProductDependency section */
	};
	rootObject = 1FE95A122874F6D300A79C77 /* Project object */;
}
